
Microsoft Visual Studio Solution File, Format Version 12.00
# Visual Studio Version 16
VisualStudioVersion = 16.0.30223.230
MinimumVisualStudioVersion = 10.0.40219.1
Project("{9A19103F-16F7-4668-BE54-9A1E7A4F7556}") = "ProductShop", "Exersices1\ProductShop.csproj", "{C3155786-30AF-46C1-AD87-06BA01515744}"
EndProject
Global
	GlobalSection(SolutionConfigurationPlatforms) = preSolution
		Debug|Any CPU = Debug|Any CPU
		Release|Any CPU = Release|Any CPU
	EndGlobalSection
	GlobalSection(ProjectConfigurationPlatforms) = postSolution
		{C3155786-30AF-46C1-AD87-06BA01515744}.Debug|Any CPU.ActiveCfg = Debug|Any CPU
		{C3155786-30AF-46C1-AD87-06BA01515744}.Debug|Any CPU.Build.0 = Debug|Any CPU
		{C3155786-30AF-46C1-AD87-06BA01515744}.Release|Any CPU.ActiveCfg = Release|Any CPU
		{C3155786-30AF-46C1-AD87-06BA01515744}.Release|Any CPU.Build.0 = Release|Any CPU
	EndGlobalSection
	GlobalSection(SolutionProperties) = preSolution
		HideSolutionNode = FALSE
	EndGlobalSection
	GlobalSection(ExtensibilityGlobals) = postSolution
		SolutionGuid = {4B9D6438-07ED-4039-A821-989DBB712E55}
	EndGlobalSection
EndGlobal
