
Microsoft Visual Studio Solution File, Format Version 12.00
# Visual Studio 15
VisualStudioVersion = 15.0.28307.572
MinimumVisualStudioVersion = 10.0.40219.1
Project("{FAE04EC0-301F-11D3-BF4B-00C04F79EFBC}") = "Pb May Nested Conditional Statements - Exercise", "Pb May Nested Conditional Statements - Exercise\Pb May Nested Conditional Statements - Exercise.csproj", "{0928DACB-EDA5-452E-B06A-80B03A4A52FB}"
EndProject
Project("{FAE04EC0-301F-11D3-BF4B-00C04F79EFBC}") = "02. Cinema", "02. Cinema\02. Cinema.csproj", "{2B4BFEFB-C00D-4E24-B482-38A9499B2DE0}"
EndProject
Project("{FAE04EC0-301F-11D3-BF4B-00C04F79EFBC}") = "03. Summer Outfit", "03. Summer Outfit\03. Summer Outfit.csproj", "{75F6DDF0-7B64-4A04-9472-1F791EA02F40}"
EndProject
Project("{FAE04EC0-301F-11D3-BF4B-00C04F79EFBC}") = "04. New House", "04. New House\04. New House.csproj", "{3AF1CAAB-27C2-4AB4-A9BF-D61AAC1C8E9F}"
EndProject
Project("{FAE04EC0-301F-11D3-BF4B-00C04F79EFBC}") = "05. Fishing Boat", "05. Fishing Boat\05. Fishing Boat.csproj", "{B3D3423F-8E04-4C0D-83A7-C8114F6616E7}"
EndProject
Project("{FAE04EC0-301F-11D3-BF4B-00C04F79EFBC}") = "06. Journey", "06. Journey\06. Journey.csproj", "{21D07C04-B10B-42BF-8B1D-D18309A3CC8F}"
EndProject
Project("{FAE04EC0-301F-11D3-BF4B-00C04F79EFBC}") = "07. Operations Between Numbers", "07. Operations Between Numbers\07. Operations Between Numbers.csproj", "{9F6855D9-BA52-4E6B-8357-2DF07BCAA2C0}"
EndProject
Project("{FAE04EC0-301F-11D3-BF4B-00C04F79EFBC}") = "08. Hotel Room", "08. Hotel Room\08. Hotel Room.csproj", "{AD745502-9E6C-4BDC-AD8B-AEDB084A6A9A}"
EndProject
Project("{FAE04EC0-301F-11D3-BF4B-00C04F79EFBC}") = "OnTimefortheExam", "OnTimefortheExam\OnTimefortheExam.csproj", "{C56FFCB2-5F22-4FFC-B4EB-4D738079F3C4}"
EndProject
Global
	GlobalSection(SolutionConfigurationPlatforms) = preSolution
		Debug|Any CPU = Debug|Any CPU
		Release|Any CPU = Release|Any CPU
	EndGlobalSection
	GlobalSection(ProjectConfigurationPlatforms) = postSolution
		{0928DACB-EDA5-452E-B06A-80B03A4A52FB}.Debug|Any CPU.ActiveCfg = Debug|Any CPU
		{0928DACB-EDA5-452E-B06A-80B03A4A52FB}.Debug|Any CPU.Build.0 = Debug|Any CPU
		{0928DACB-EDA5-452E-B06A-80B03A4A52FB}.Release|Any CPU.ActiveCfg = Release|Any CPU
		{0928DACB-EDA5-452E-B06A-80B03A4A52FB}.Release|Any CPU.Build.0 = Release|Any CPU
		{2B4BFEFB-C00D-4E24-B482-38A9499B2DE0}.Debug|Any CPU.ActiveCfg = Debug|Any CPU
		{2B4BFEFB-C00D-4E24-B482-38A9499B2DE0}.Debug|Any CPU.Build.0 = Debug|Any CPU
		{2B4BFEFB-C00D-4E24-B482-38A9499B2DE0}.Release|Any CPU.ActiveCfg = Release|Any CPU
		{2B4BFEFB-C00D-4E24-B482-38A9499B2DE0}.Release|Any CPU.Build.0 = Release|Any CPU
		{75F6DDF0-7B64-4A04-9472-1F791EA02F40}.Debug|Any CPU.ActiveCfg = Debug|Any CPU
		{75F6DDF0-7B64-4A04-9472-1F791EA02F40}.Debug|Any CPU.Build.0 = Debug|Any CPU
		{75F6DDF0-7B64-4A04-9472-1F791EA02F40}.Release|Any CPU.ActiveCfg = Release|Any CPU
		{75F6DDF0-7B64-4A04-9472-1F791EA02F40}.Release|Any CPU.Build.0 = Release|Any CPU
		{3AF1CAAB-27C2-4AB4-A9BF-D61AAC1C8E9F}.Debug|Any CPU.ActiveCfg = Debug|Any CPU
		{3AF1CAAB-27C2-4AB4-A9BF-D61AAC1C8E9F}.Debug|Any CPU.Build.0 = Debug|Any CPU
		{3AF1CAAB-27C2-4AB4-A9BF-D61AAC1C8E9F}.Release|Any CPU.ActiveCfg = Release|Any CPU
		{3AF1CAAB-27C2-4AB4-A9BF-D61AAC1C8E9F}.Release|Any CPU.Build.0 = Release|Any CPU
		{B3D3423F-8E04-4C0D-83A7-C8114F6616E7}.Debug|Any CPU.ActiveCfg = Debug|Any CPU
		{B3D3423F-8E04-4C0D-83A7-C8114F6616E7}.Debug|Any CPU.Build.0 = Debug|Any CPU
		{B3D3423F-8E04-4C0D-83A7-C8114F6616E7}.Release|Any CPU.ActiveCfg = Release|Any CPU
		{B3D3423F-8E04-4C0D-83A7-C8114F6616E7}.Release|Any CPU.Build.0 = Release|Any CPU
		{21D07C04-B10B-42BF-8B1D-D18309A3CC8F}.Debug|Any CPU.ActiveCfg = Debug|Any CPU
		{21D07C04-B10B-42BF-8B1D-D18309A3CC8F}.Debug|Any CPU.Build.0 = Debug|Any CPU
		{21D07C04-B10B-42BF-8B1D-D18309A3CC8F}.Release|Any CPU.ActiveCfg = Release|Any CPU
		{21D07C04-B10B-42BF-8B1D-D18309A3CC8F}.Release|Any CPU.Build.0 = Release|Any CPU
		{9F6855D9-BA52-4E6B-8357-2DF07BCAA2C0}.Debug|Any CPU.ActiveCfg = Debug|Any CPU
		{9F6855D9-BA52-4E6B-8357-2DF07BCAA2C0}.Debug|Any CPU.Build.0 = Debug|Any CPU
		{9F6855D9-BA52-4E6B-8357-2DF07BCAA2C0}.Release|Any CPU.ActiveCfg = Release|Any CPU
		{9F6855D9-BA52-4E6B-8357-2DF07BCAA2C0}.Release|Any CPU.Build.0 = Release|Any CPU
		{AD745502-9E6C-4BDC-AD8B-AEDB084A6A9A}.Debug|Any CPU.ActiveCfg = Debug|Any CPU
		{AD745502-9E6C-4BDC-AD8B-AEDB084A6A9A}.Debug|Any CPU.Build.0 = Debug|Any CPU
		{AD745502-9E6C-4BDC-AD8B-AEDB084A6A9A}.Release|Any CPU.ActiveCfg = Release|Any CPU
		{AD745502-9E6C-4BDC-AD8B-AEDB084A6A9A}.Release|Any CPU.Build.0 = Release|Any CPU
		{C56FFCB2-5F22-4FFC-B4EB-4D738079F3C4}.Debug|Any CPU.ActiveCfg = Debug|Any CPU
		{C56FFCB2-5F22-4FFC-B4EB-4D738079F3C4}.Debug|Any CPU.Build.0 = Debug|Any CPU
		{C56FFCB2-5F22-4FFC-B4EB-4D738079F3C4}.Release|Any CPU.ActiveCfg = Release|Any CPU
		{C56FFCB2-5F22-4FFC-B4EB-4D738079F3C4}.Release|Any CPU.Build.0 = Release|Any CPU
	EndGlobalSection
	GlobalSection(SolutionProperties) = preSolution
		HideSolutionNode = FALSE
	EndGlobalSection
	GlobalSection(ExtensibilityGlobals) = postSolution
		SolutionGuid = {EEFBACAC-D0AF-4C79-A893-BF0E3B01898E}
	EndGlobalSection
EndGlobal
