
Microsoft Visual Studio Solution File, Format Version 12.00
# Visual Studio Version 16
VisualStudioVersion = 16.0.29709.97
MinimumVisualStudioVersion = 10.0.40219.1
Project("{9A19103F-16F7-4668-BE54-9A1E7A4F7556}") = "TrojanInvasion", "TrojanInvasion\TrojanInvasion.csproj", "{BEF45546-7EF7-457C-8FE5-F0FCB127D15E}"
EndProject
Project("{FAE04EC0-301F-11D3-BF4B-00C04F79EFBC}") = "HelenAbduction", "HelenAbduction\HelenAbduction.csproj", "{F5956411-EF54-4026-A669-168B27ABB8EF}"
EndProject
Global
	GlobalSection(SolutionConfigurationPlatforms) = preSolution
		Debug|Any CPU = Debug|Any CPU
		Release|Any CPU = Release|Any CPU
	EndGlobalSection
	GlobalSection(ProjectConfigurationPlatforms) = postSolution
		{BEF45546-7EF7-457C-8FE5-F0FCB127D15E}.Debug|Any CPU.ActiveCfg = Debug|Any CPU
		{BEF45546-7EF7-457C-8FE5-F0FCB127D15E}.Debug|Any CPU.Build.0 = Debug|Any CPU
		{BEF45546-7EF7-457C-8FE5-F0FCB127D15E}.Release|Any CPU.ActiveCfg = Release|Any CPU
		{BEF45546-7EF7-457C-8FE5-F0FCB127D15E}.Release|Any CPU.Build.0 = Release|Any CPU
		{F5956411-EF54-4026-A669-168B27ABB8EF}.Debug|Any CPU.ActiveCfg = Debug|Any CPU
		{F5956411-EF54-4026-A669-168B27ABB8EF}.Debug|Any CPU.Build.0 = Debug|Any CPU
		{F5956411-EF54-4026-A669-168B27ABB8EF}.Release|Any CPU.ActiveCfg = Release|Any CPU
		{F5956411-EF54-4026-A669-168B27ABB8EF}.Release|Any CPU.Build.0 = Release|Any CPU
	EndGlobalSection
	GlobalSection(SolutionProperties) = preSolution
		HideSolutionNode = FALSE
	EndGlobalSection
	GlobalSection(ExtensibilityGlobals) = postSolution
		SolutionGuid = {B3F33DCC-8AE8-44EA-8203-3E575EAACEE1}
	EndGlobalSection
EndGlobal
