
Microsoft Visual Studio Solution File, Format Version 12.00
# Visual Studio Version 16
VisualStudioVersion = 16.0.29709.97
MinimumVisualStudioVersion = 10.0.40219.1
Project("{FAE04EC0-301F-11D3-BF4B-00C04F79EFBC}") = "Socks", "Socks\Socks.csproj", "{10ACD747-60EF-4E65-B020-8E4FDEB8046B}"
EndProject
Project("{FAE04EC0-301F-11D3-BF4B-00C04F79EFBC}") = "ExcelFunctions", "ExcelFunctions\ExcelFunctions.csproj", "{2C6773A7-2BCF-4E01-894B-3EA830502904}"
EndProject
Project("{9A19103F-16F7-4668-BE54-9A1E7A4F7556}") = "Repository", "Repository\Repository.csproj", "{DEA056F7-1D4A-46BD-8DBD-F1EDD4481AB3}"
EndProject
Global
	GlobalSection(SolutionConfigurationPlatforms) = preSolution
		Debug|Any CPU = Debug|Any CPU
		Release|Any CPU = Release|Any CPU
	EndGlobalSection
	GlobalSection(ProjectConfigurationPlatforms) = postSolution
		{10ACD747-60EF-4E65-B020-8E4FDEB8046B}.Debug|Any CPU.ActiveCfg = Debug|Any CPU
		{10ACD747-60EF-4E65-B020-8E4FDEB8046B}.Debug|Any CPU.Build.0 = Debug|Any CPU
		{10ACD747-60EF-4E65-B020-8E4FDEB8046B}.Release|Any CPU.ActiveCfg = Release|Any CPU
		{10ACD747-60EF-4E65-B020-8E4FDEB8046B}.Release|Any CPU.Build.0 = Release|Any CPU
		{2C6773A7-2BCF-4E01-894B-3EA830502904}.Debug|Any CPU.ActiveCfg = Debug|Any CPU
		{2C6773A7-2BCF-4E01-894B-3EA830502904}.Debug|Any CPU.Build.0 = Debug|Any CPU
		{2C6773A7-2BCF-4E01-894B-3EA830502904}.Release|Any CPU.ActiveCfg = Release|Any CPU
		{2C6773A7-2BCF-4E01-894B-3EA830502904}.Release|Any CPU.Build.0 = Release|Any CPU
		{DEA056F7-1D4A-46BD-8DBD-F1EDD4481AB3}.Debug|Any CPU.ActiveCfg = Debug|Any CPU
		{DEA056F7-1D4A-46BD-8DBD-F1EDD4481AB3}.Debug|Any CPU.Build.0 = Debug|Any CPU
		{DEA056F7-1D4A-46BD-8DBD-F1EDD4481AB3}.Release|Any CPU.ActiveCfg = Release|Any CPU
		{DEA056F7-1D4A-46BD-8DBD-F1EDD4481AB3}.Release|Any CPU.Build.0 = Release|Any CPU
	EndGlobalSection
	GlobalSection(SolutionProperties) = preSolution
		HideSolutionNode = FALSE
	EndGlobalSection
	GlobalSection(ExtensibilityGlobals) = postSolution
		SolutionGuid = {046F8D69-8E0F-42E1-86D7-A525B30014AA}
	EndGlobalSection
EndGlobal
