
Microsoft Visual Studio Solution File, Format Version 12.00
# Visual Studio Version 16
VisualStudioVersion = 16.0.29613.14
MinimumVisualStudioVersion = 10.0.40219.1
Project("{9A19103F-16F7-4668-BE54-9A1E7A4F7556}") = "SumMatrixElements", "SumMatrixElements\SumMatrixElements.csproj", "{9881ABA9-4903-476C-AC4D-A0CD4C3719DD}"
EndProject
Project("{9A19103F-16F7-4668-BE54-9A1E7A4F7556}") = "SumMatrixColumns", "SumMatrixColumns\SumMatrixColumns.csproj", "{E6947C43-A679-410A-9957-F74D30B26DB7}"
EndProject
Project("{9A19103F-16F7-4668-BE54-9A1E7A4F7556}") = "PrimaryDiagonal", "PrimaryDiagonal\PrimaryDiagonal.csproj", "{372EBB62-55A2-49B1-BD3E-B2D3AE1DAE3E}"
EndProject
Project("{9A19103F-16F7-4668-BE54-9A1E7A4F7556}") = "SymbolinMatrix", "SymbolinMatrix\SymbolinMatrix.csproj", "{B4A3D655-5DB4-4E23-BA9B-EF64FCE76751}"
EndProject
Project("{9A19103F-16F7-4668-BE54-9A1E7A4F7556}") = "SquareWithMaximumSum", "SquareWithMaximumSum\SquareWithMaximumSum.csproj", "{88D70545-1091-4CE1-8829-C3BDA311CBCD}"
EndProject
Project("{9A19103F-16F7-4668-BE54-9A1E7A4F7556}") = "PascalTriangle", "PascalTriangle\PascalTriangle.csproj", "{7BEB4209-677C-4150-ABAE-FB8BC082B799}"
EndProject
Project("{9A19103F-16F7-4668-BE54-9A1E7A4F7556}") = "Jagged-ArrayModification", "Jagged-ArrayModification\Jagged-ArrayModification.csproj", "{A52E85EF-F13E-4868-ADD5-911F6F45B102}"
EndProject
Project("{9A19103F-16F7-4668-BE54-9A1E7A4F7556}") = "Kinght Game", "Kinght Game\Kinght Game.csproj", "{364A622A-0C1D-4875-91E1-5B9447494A0C}"
EndProject
Project("{FAE04EC0-301F-11D3-BF4B-00C04F79EFBC}") = "Rabbits", "Rabbits\Rabbits.csproj", "{2CEDB364-D127-4EEF-8034-EC24A0D5DA6D}"
EndProject
Global
	GlobalSection(SolutionConfigurationPlatforms) = preSolution
		Debug|Any CPU = Debug|Any CPU
		Release|Any CPU = Release|Any CPU
	EndGlobalSection
	GlobalSection(ProjectConfigurationPlatforms) = postSolution
		{9881ABA9-4903-476C-AC4D-A0CD4C3719DD}.Debug|Any CPU.ActiveCfg = Debug|Any CPU
		{9881ABA9-4903-476C-AC4D-A0CD4C3719DD}.Debug|Any CPU.Build.0 = Debug|Any CPU
		{9881ABA9-4903-476C-AC4D-A0CD4C3719DD}.Release|Any CPU.ActiveCfg = Release|Any CPU
		{9881ABA9-4903-476C-AC4D-A0CD4C3719DD}.Release|Any CPU.Build.0 = Release|Any CPU
		{E6947C43-A679-410A-9957-F74D30B26DB7}.Debug|Any CPU.ActiveCfg = Debug|Any CPU
		{E6947C43-A679-410A-9957-F74D30B26DB7}.Debug|Any CPU.Build.0 = Debug|Any CPU
		{E6947C43-A679-410A-9957-F74D30B26DB7}.Release|Any CPU.ActiveCfg = Release|Any CPU
		{E6947C43-A679-410A-9957-F74D30B26DB7}.Release|Any CPU.Build.0 = Release|Any CPU
		{372EBB62-55A2-49B1-BD3E-B2D3AE1DAE3E}.Debug|Any CPU.ActiveCfg = Debug|Any CPU
		{372EBB62-55A2-49B1-BD3E-B2D3AE1DAE3E}.Debug|Any CPU.Build.0 = Debug|Any CPU
		{372EBB62-55A2-49B1-BD3E-B2D3AE1DAE3E}.Release|Any CPU.ActiveCfg = Release|Any CPU
		{372EBB62-55A2-49B1-BD3E-B2D3AE1DAE3E}.Release|Any CPU.Build.0 = Release|Any CPU
		{B4A3D655-5DB4-4E23-BA9B-EF64FCE76751}.Debug|Any CPU.ActiveCfg = Debug|Any CPU
		{B4A3D655-5DB4-4E23-BA9B-EF64FCE76751}.Debug|Any CPU.Build.0 = Debug|Any CPU
		{B4A3D655-5DB4-4E23-BA9B-EF64FCE76751}.Release|Any CPU.ActiveCfg = Release|Any CPU
		{B4A3D655-5DB4-4E23-BA9B-EF64FCE76751}.Release|Any CPU.Build.0 = Release|Any CPU
		{88D70545-1091-4CE1-8829-C3BDA311CBCD}.Debug|Any CPU.ActiveCfg = Debug|Any CPU
		{88D70545-1091-4CE1-8829-C3BDA311CBCD}.Debug|Any CPU.Build.0 = Debug|Any CPU
		{88D70545-1091-4CE1-8829-C3BDA311CBCD}.Release|Any CPU.ActiveCfg = Release|Any CPU
		{88D70545-1091-4CE1-8829-C3BDA311CBCD}.Release|Any CPU.Build.0 = Release|Any CPU
		{7BEB4209-677C-4150-ABAE-FB8BC082B799}.Debug|Any CPU.ActiveCfg = Debug|Any CPU
		{7BEB4209-677C-4150-ABAE-FB8BC082B799}.Debug|Any CPU.Build.0 = Debug|Any CPU
		{7BEB4209-677C-4150-ABAE-FB8BC082B799}.Release|Any CPU.ActiveCfg = Release|Any CPU
		{7BEB4209-677C-4150-ABAE-FB8BC082B799}.Release|Any CPU.Build.0 = Release|Any CPU
		{A52E85EF-F13E-4868-ADD5-911F6F45B102}.Debug|Any CPU.ActiveCfg = Debug|Any CPU
		{A52E85EF-F13E-4868-ADD5-911F6F45B102}.Debug|Any CPU.Build.0 = Debug|Any CPU
		{A52E85EF-F13E-4868-ADD5-911F6F45B102}.Release|Any CPU.ActiveCfg = Release|Any CPU
		{A52E85EF-F13E-4868-ADD5-911F6F45B102}.Release|Any CPU.Build.0 = Release|Any CPU
		{364A622A-0C1D-4875-91E1-5B9447494A0C}.Debug|Any CPU.ActiveCfg = Debug|Any CPU
		{364A622A-0C1D-4875-91E1-5B9447494A0C}.Debug|Any CPU.Build.0 = Debug|Any CPU
		{364A622A-0C1D-4875-91E1-5B9447494A0C}.Release|Any CPU.ActiveCfg = Release|Any CPU
		{364A622A-0C1D-4875-91E1-5B9447494A0C}.Release|Any CPU.Build.0 = Release|Any CPU
		{2CEDB364-D127-4EEF-8034-EC24A0D5DA6D}.Debug|Any CPU.ActiveCfg = Debug|Any CPU
		{2CEDB364-D127-4EEF-8034-EC24A0D5DA6D}.Debug|Any CPU.Build.0 = Debug|Any CPU
		{2CEDB364-D127-4EEF-8034-EC24A0D5DA6D}.Release|Any CPU.ActiveCfg = Release|Any CPU
		{2CEDB364-D127-4EEF-8034-EC24A0D5DA6D}.Release|Any CPU.Build.0 = Release|Any CPU
	EndGlobalSection
	GlobalSection(SolutionProperties) = preSolution
		HideSolutionNode = FALSE
	EndGlobalSection
	GlobalSection(ExtensibilityGlobals) = postSolution
		SolutionGuid = {C561292E-3363-44D1-8A86-8C554A4B6AFC}
	EndGlobalSection
EndGlobal
