
Microsoft Visual Studio Solution File, Format Version 12.00
# Visual Studio Version 16
VisualStudioVersion = 16.0.29709.97
MinimumVisualStudioVersion = 10.0.40219.1
Project("{9A19103F-16F7-4668-BE54-9A1E7A4F7556}") = "AnimalFarm", "AnimalFarm\AnimalFarm.csproj", "{9F3A2AD9-BD29-4728-B2DE-DF94C86E5B2B}"
EndProject
Project("{9A19103F-16F7-4668-BE54-9A1E7A4F7556}") = "ClassBoxData", "ClassBoxData\ClassBoxData.csproj", "{05810C62-CED0-4DCA-8639-52906D206FD8}"
EndProject
Project("{9A19103F-16F7-4668-BE54-9A1E7A4F7556}") = "ShoppingSpree", "ShoppingSpree\ShoppingSpree.csproj", "{E66725BB-E5D6-4490-8833-9806491A4257}"
EndProject
Project("{FAE04EC0-301F-11D3-BF4B-00C04F79EFBC}") = "PizzaCalories", "PizzaCalories\PizzaCalories.csproj", "{CE70E671-8C20-4CC0-A14C-ED60315E1B68}"
EndProject
Global
	GlobalSection(SolutionConfigurationPlatforms) = preSolution
		Debug|Any CPU = Debug|Any CPU
		Release|Any CPU = Release|Any CPU
	EndGlobalSection
	GlobalSection(ProjectConfigurationPlatforms) = postSolution
		{9F3A2AD9-BD29-4728-B2DE-DF94C86E5B2B}.Debug|Any CPU.ActiveCfg = Debug|Any CPU
		{9F3A2AD9-BD29-4728-B2DE-DF94C86E5B2B}.Debug|Any CPU.Build.0 = Debug|Any CPU
		{9F3A2AD9-BD29-4728-B2DE-DF94C86E5B2B}.Release|Any CPU.ActiveCfg = Release|Any CPU
		{9F3A2AD9-BD29-4728-B2DE-DF94C86E5B2B}.Release|Any CPU.Build.0 = Release|Any CPU
		{05810C62-CED0-4DCA-8639-52906D206FD8}.Debug|Any CPU.ActiveCfg = Debug|Any CPU
		{05810C62-CED0-4DCA-8639-52906D206FD8}.Debug|Any CPU.Build.0 = Debug|Any CPU
		{05810C62-CED0-4DCA-8639-52906D206FD8}.Release|Any CPU.ActiveCfg = Release|Any CPU
		{05810C62-CED0-4DCA-8639-52906D206FD8}.Release|Any CPU.Build.0 = Release|Any CPU
		{E66725BB-E5D6-4490-8833-9806491A4257}.Debug|Any CPU.ActiveCfg = Debug|Any CPU
		{E66725BB-E5D6-4490-8833-9806491A4257}.Debug|Any CPU.Build.0 = Debug|Any CPU
		{E66725BB-E5D6-4490-8833-9806491A4257}.Release|Any CPU.ActiveCfg = Release|Any CPU
		{E66725BB-E5D6-4490-8833-9806491A4257}.Release|Any CPU.Build.0 = Release|Any CPU
		{CE70E671-8C20-4CC0-A14C-ED60315E1B68}.Debug|Any CPU.ActiveCfg = Debug|Any CPU
		{CE70E671-8C20-4CC0-A14C-ED60315E1B68}.Debug|Any CPU.Build.0 = Debug|Any CPU
		{CE70E671-8C20-4CC0-A14C-ED60315E1B68}.Release|Any CPU.ActiveCfg = Release|Any CPU
		{CE70E671-8C20-4CC0-A14C-ED60315E1B68}.Release|Any CPU.Build.0 = Release|Any CPU
	EndGlobalSection
	GlobalSection(SolutionProperties) = preSolution
		HideSolutionNode = FALSE
	EndGlobalSection
	GlobalSection(ExtensibilityGlobals) = postSolution
		SolutionGuid = {16C6B5F8-9855-4B2E-9C91-D9E4C8A8FC04}
	EndGlobalSection
EndGlobal
