
Microsoft Visual Studio Solution File, Format Version 12.00
# Visual Studio Version 16
VisualStudioVersion = 16.0.29709.97
MinimumVisualStudioVersion = 10.0.40219.1
Project("{FAE04EC0-301F-11D3-BF4B-00C04F79EFBC}") = "Problem01", "AdvancedExam101\Problem01.csproj", "{1801A3F7-37C0-43AC-8E64-CA4BB6F04505}"
EndProject
Project("{FAE04EC0-301F-11D3-BF4B-00C04F79EFBC}") = "Problem02", "Problem02\Problem02.csproj", "{946E1073-1267-4AE2-99F8-4D5F05366528}"
EndProject
Global
	GlobalSection(SolutionConfigurationPlatforms) = preSolution
		Debug|Any CPU = Debug|Any CPU
		Release|Any CPU = Release|Any CPU
	EndGlobalSection
	GlobalSection(ProjectConfigurationPlatforms) = postSolution
		{1801A3F7-37C0-43AC-8E64-CA4BB6F04505}.Debug|Any CPU.ActiveCfg = Debug|Any CPU
		{1801A3F7-37C0-43AC-8E64-CA4BB6F04505}.Debug|Any CPU.Build.0 = Debug|Any CPU
		{1801A3F7-37C0-43AC-8E64-CA4BB6F04505}.Release|Any CPU.ActiveCfg = Release|Any CPU
		{1801A3F7-37C0-43AC-8E64-CA4BB6F04505}.Release|Any CPU.Build.0 = Release|Any CPU
		{946E1073-1267-4AE2-99F8-4D5F05366528}.Debug|Any CPU.ActiveCfg = Debug|Any CPU
		{946E1073-1267-4AE2-99F8-4D5F05366528}.Debug|Any CPU.Build.0 = Debug|Any CPU
		{946E1073-1267-4AE2-99F8-4D5F05366528}.Release|Any CPU.ActiveCfg = Release|Any CPU
		{946E1073-1267-4AE2-99F8-4D5F05366528}.Release|Any CPU.Build.0 = Release|Any CPU
	EndGlobalSection
	GlobalSection(SolutionProperties) = preSolution
		HideSolutionNode = FALSE
	EndGlobalSection
	GlobalSection(ExtensibilityGlobals) = postSolution
		SolutionGuid = {993153DF-CA30-4EDB-8FCF-5FDD9CE25444}
	EndGlobalSection
EndGlobal
