
Microsoft Visual Studio Solution File, Format Version 12.00
# Visual Studio Version 16
VisualStudioVersion = 16.0.29424.173
MinimumVisualStudioVersion = 10.0.40219.1
Project("{9A19103F-16F7-4668-BE54-9A1E7A4F7556}") = "Christmas", "Christmas\Christmas.csproj", "{741CF96F-A77F-42DE-8FCF-4CEE32EFD0C8}"
EndProject
Project("{9A19103F-16F7-4668-BE54-9A1E7A4F7556}") = "PresentDelivery", "PresentDelivery\PresentDelivery.csproj", "{D2534BB7-2E27-4A6B-B6C6-4086279AE8F6}"
EndProject
Project("{FAE04EC0-301F-11D3-BF4B-00C04F79EFBC}") = "PresentFactory", "PresentFactory\PresentFactory.csproj", "{912125C6-4FCE-42FD-BC10-F6417479D40F}"
EndProject
Global
	GlobalSection(SolutionConfigurationPlatforms) = preSolution
		Debug|Any CPU = Debug|Any CPU
		Release|Any CPU = Release|Any CPU
	EndGlobalSection
	GlobalSection(ProjectConfigurationPlatforms) = postSolution
		{741CF96F-A77F-42DE-8FCF-4CEE32EFD0C8}.Debug|Any CPU.ActiveCfg = Debug|Any CPU
		{741CF96F-A77F-42DE-8FCF-4CEE32EFD0C8}.Debug|Any CPU.Build.0 = Debug|Any CPU
		{741CF96F-A77F-42DE-8FCF-4CEE32EFD0C8}.Release|Any CPU.ActiveCfg = Release|Any CPU
		{741CF96F-A77F-42DE-8FCF-4CEE32EFD0C8}.Release|Any CPU.Build.0 = Release|Any CPU
		{D2534BB7-2E27-4A6B-B6C6-4086279AE8F6}.Debug|Any CPU.ActiveCfg = Debug|Any CPU
		{D2534BB7-2E27-4A6B-B6C6-4086279AE8F6}.Debug|Any CPU.Build.0 = Debug|Any CPU
		{D2534BB7-2E27-4A6B-B6C6-4086279AE8F6}.Release|Any CPU.ActiveCfg = Release|Any CPU
		{D2534BB7-2E27-4A6B-B6C6-4086279AE8F6}.Release|Any CPU.Build.0 = Release|Any CPU
		{912125C6-4FCE-42FD-BC10-F6417479D40F}.Debug|Any CPU.ActiveCfg = Debug|Any CPU
		{912125C6-4FCE-42FD-BC10-F6417479D40F}.Debug|Any CPU.Build.0 = Debug|Any CPU
		{912125C6-4FCE-42FD-BC10-F6417479D40F}.Release|Any CPU.ActiveCfg = Release|Any CPU
		{912125C6-4FCE-42FD-BC10-F6417479D40F}.Release|Any CPU.Build.0 = Release|Any CPU
	EndGlobalSection
	GlobalSection(SolutionProperties) = preSolution
		HideSolutionNode = FALSE
	EndGlobalSection
	GlobalSection(ExtensibilityGlobals) = postSolution
		SolutionGuid = {E76AFA29-DE0A-4A28-8E97-48A73641AC4E}
	EndGlobalSection
EndGlobal
