
Microsoft Visual Studio Solution File, Format Version 12.00
# Visual Studio Version 16
VisualStudioVersion = 16.0.29306.81
MinimumVisualStudioVersion = 10.0.40219.1
Project("{9A19103F-16F7-4668-BE54-9A1E7A4F7556}") = "ArraysLab", "ArraysLab\ArraysLab.csproj", "{90BB455E-3EDD-49EB-84FC-20F29FDDCA94}"
EndProject
Project("{9A19103F-16F7-4668-BE54-9A1E7A4F7556}") = "Tests", "Tests\Tests.csproj", "{53ADC45A-8F5D-4D40-8B5A-2C8E9EA4B3B5}"
EndProject
Project("{9A19103F-16F7-4668-BE54-9A1E7A4F7556}") = "ArrayRotation", "ArrayRotation\ArrayRotation.csproj", "{808C27B9-B7C4-41B9-B56A-FEC80BC0B65D}"
EndProject
Project("{9A19103F-16F7-4668-BE54-9A1E7A4F7556}") = "TopIntegers", "TopIntegers\TopIntegers.csproj", "{4B4F298C-98BC-4B16-92BD-BA10D2C3F4A9}"
EndProject
Project("{9A19103F-16F7-4668-BE54-9A1E7A4F7556}") = "MagicSum", "MagicSum\MagicSum.csproj", "{80B937D6-CEC1-4AA8-9A86-E7C001FA5940}"
EndProject
Project("{9A19103F-16F7-4668-BE54-9A1E7A4F7556}") = "MaxSequenceofEqualElements", "MaxSequenceofEqualElements\MaxSequenceofEqualElements.csproj", "{923DF6D0-ED07-4962-BE62-067819F0CF0B}"
EndProject
Project("{9A19103F-16F7-4668-BE54-9A1E7A4F7556}") = "EqualSums", "EqualSums\EqualSums.csproj", "{2D98F2A6-7FF9-4889-BBEB-4F154238E9D8}"
EndProject
Project("{FAE04EC0-301F-11D3-BF4B-00C04F79EFBC}") = "KaminoFactory", "KaminoFactory\KaminoFactory.csproj", "{D12EBB43-B03A-4163-81E4-87C5D9CB3FF1}"
EndProject
Global
	GlobalSection(SolutionConfigurationPlatforms) = preSolution
		Debug|Any CPU = Debug|Any CPU
		Release|Any CPU = Release|Any CPU
	EndGlobalSection
	GlobalSection(ProjectConfigurationPlatforms) = postSolution
		{90BB455E-3EDD-49EB-84FC-20F29FDDCA94}.Debug|Any CPU.ActiveCfg = Debug|Any CPU
		{90BB455E-3EDD-49EB-84FC-20F29FDDCA94}.Debug|Any CPU.Build.0 = Debug|Any CPU
		{90BB455E-3EDD-49EB-84FC-20F29FDDCA94}.Release|Any CPU.ActiveCfg = Release|Any CPU
		{90BB455E-3EDD-49EB-84FC-20F29FDDCA94}.Release|Any CPU.Build.0 = Release|Any CPU
		{53ADC45A-8F5D-4D40-8B5A-2C8E9EA4B3B5}.Debug|Any CPU.ActiveCfg = Debug|Any CPU
		{53ADC45A-8F5D-4D40-8B5A-2C8E9EA4B3B5}.Debug|Any CPU.Build.0 = Debug|Any CPU
		{53ADC45A-8F5D-4D40-8B5A-2C8E9EA4B3B5}.Release|Any CPU.ActiveCfg = Release|Any CPU
		{53ADC45A-8F5D-4D40-8B5A-2C8E9EA4B3B5}.Release|Any CPU.Build.0 = Release|Any CPU
		{808C27B9-B7C4-41B9-B56A-FEC80BC0B65D}.Debug|Any CPU.ActiveCfg = Debug|Any CPU
		{808C27B9-B7C4-41B9-B56A-FEC80BC0B65D}.Debug|Any CPU.Build.0 = Debug|Any CPU
		{808C27B9-B7C4-41B9-B56A-FEC80BC0B65D}.Release|Any CPU.ActiveCfg = Release|Any CPU
		{808C27B9-B7C4-41B9-B56A-FEC80BC0B65D}.Release|Any CPU.Build.0 = Release|Any CPU
		{4B4F298C-98BC-4B16-92BD-BA10D2C3F4A9}.Debug|Any CPU.ActiveCfg = Debug|Any CPU
		{4B4F298C-98BC-4B16-92BD-BA10D2C3F4A9}.Debug|Any CPU.Build.0 = Debug|Any CPU
		{4B4F298C-98BC-4B16-92BD-BA10D2C3F4A9}.Release|Any CPU.ActiveCfg = Release|Any CPU
		{4B4F298C-98BC-4B16-92BD-BA10D2C3F4A9}.Release|Any CPU.Build.0 = Release|Any CPU
		{80B937D6-CEC1-4AA8-9A86-E7C001FA5940}.Debug|Any CPU.ActiveCfg = Debug|Any CPU
		{80B937D6-CEC1-4AA8-9A86-E7C001FA5940}.Debug|Any CPU.Build.0 = Debug|Any CPU
		{80B937D6-CEC1-4AA8-9A86-E7C001FA5940}.Release|Any CPU.ActiveCfg = Release|Any CPU
		{80B937D6-CEC1-4AA8-9A86-E7C001FA5940}.Release|Any CPU.Build.0 = Release|Any CPU
		{923DF6D0-ED07-4962-BE62-067819F0CF0B}.Debug|Any CPU.ActiveCfg = Debug|Any CPU
		{923DF6D0-ED07-4962-BE62-067819F0CF0B}.Debug|Any CPU.Build.0 = Debug|Any CPU
		{923DF6D0-ED07-4962-BE62-067819F0CF0B}.Release|Any CPU.ActiveCfg = Release|Any CPU
		{923DF6D0-ED07-4962-BE62-067819F0CF0B}.Release|Any CPU.Build.0 = Release|Any CPU
		{2D98F2A6-7FF9-4889-BBEB-4F154238E9D8}.Debug|Any CPU.ActiveCfg = Debug|Any CPU
		{2D98F2A6-7FF9-4889-BBEB-4F154238E9D8}.Debug|Any CPU.Build.0 = Debug|Any CPU
		{2D98F2A6-7FF9-4889-BBEB-4F154238E9D8}.Release|Any CPU.ActiveCfg = Release|Any CPU
		{2D98F2A6-7FF9-4889-BBEB-4F154238E9D8}.Release|Any CPU.Build.0 = Release|Any CPU
		{D12EBB43-B03A-4163-81E4-87C5D9CB3FF1}.Debug|Any CPU.ActiveCfg = Debug|Any CPU
		{D12EBB43-B03A-4163-81E4-87C5D9CB3FF1}.Debug|Any CPU.Build.0 = Debug|Any CPU
		{D12EBB43-B03A-4163-81E4-87C5D9CB3FF1}.Release|Any CPU.ActiveCfg = Release|Any CPU
		{D12EBB43-B03A-4163-81E4-87C5D9CB3FF1}.Release|Any CPU.Build.0 = Release|Any CPU
	EndGlobalSection
	GlobalSection(SolutionProperties) = preSolution
		HideSolutionNode = FALSE
	EndGlobalSection
	GlobalSection(ExtensibilityGlobals) = postSolution
		SolutionGuid = {6DB520A7-C3B5-4EE3-9AFA-55E0D26B3150}
	EndGlobalSection
EndGlobal
