
Microsoft Visual Studio Solution File, Format Version 12.00
# Visual Studio Version 16
VisualStudioVersion = 16.0.29709.97
MinimumVisualStudioVersion = 10.0.40219.1
Project("{9A19103F-16F7-4668-BE54-9A1E7A4F7556}") = "TrashyList", "ListyIterator\TrashyList.csproj", "{6C960CCA-C101-42F0-A717-DBD60CDB3369}"
EndProject
Global
	GlobalSection(SolutionConfigurationPlatforms) = preSolution
		Debug|Any CPU = Debug|Any CPU
		Release|Any CPU = Release|Any CPU
	EndGlobalSection
	GlobalSection(ProjectConfigurationPlatforms) = postSolution
		{6C960CCA-C101-42F0-A717-DBD60CDB3369}.Debug|Any CPU.ActiveCfg = Debug|Any CPU
		{6C960CCA-C101-42F0-A717-DBD60CDB3369}.Debug|Any CPU.Build.0 = Debug|Any CPU
		{6C960CCA-C101-42F0-A717-DBD60CDB3369}.Release|Any CPU.ActiveCfg = Release|Any CPU
		{6C960CCA-C101-42F0-A717-DBD60CDB3369}.Release|Any CPU.Build.0 = Release|Any CPU
	EndGlobalSection
	GlobalSection(SolutionProperties) = preSolution
		HideSolutionNode = FALSE
	EndGlobalSection
	GlobalSection(ExtensibilityGlobals) = postSolution
		SolutionGuid = {EE670E26-40A2-4244-BDA0-3C001991997C}
	EndGlobalSection
EndGlobal
