
Microsoft Visual Studio Solution File, Format Version 12.00
# Visual Studio Version 16
VisualStudioVersion = 16.0.29709.97
MinimumVisualStudioVersion = 10.0.40219.1
Project("{9A19103F-16F7-4668-BE54-9A1E7A4F7556}") = "RhombusofStars", "RhombusofStars\RhombusofStars.csproj", "{B5327B2C-7105-4719-AD05-7B96132B6FC3}"
EndProject
Project("{FAE04EC0-301F-11D3-BF4B-00C04F79EFBC}") = "PointinRectangle", "PointinRectangle\PointinRectangle.csproj", "{A31550E5-1F99-49BE-B804-79963D5EB2C4}"
EndProject
Global
	GlobalSection(SolutionConfigurationPlatforms) = preSolution
		Debug|Any CPU = Debug|Any CPU
		Release|Any CPU = Release|Any CPU
	EndGlobalSection
	GlobalSection(ProjectConfigurationPlatforms) = postSolution
		{B5327B2C-7105-4719-AD05-7B96132B6FC3}.Debug|Any CPU.ActiveCfg = Debug|Any CPU
		{B5327B2C-7105-4719-AD05-7B96132B6FC3}.Debug|Any CPU.Build.0 = Debug|Any CPU
		{B5327B2C-7105-4719-AD05-7B96132B6FC3}.Release|Any CPU.ActiveCfg = Release|Any CPU
		{B5327B2C-7105-4719-AD05-7B96132B6FC3}.Release|Any CPU.Build.0 = Release|Any CPU
		{A31550E5-1F99-49BE-B804-79963D5EB2C4}.Debug|Any CPU.ActiveCfg = Debug|Any CPU
		{A31550E5-1F99-49BE-B804-79963D5EB2C4}.Debug|Any CPU.Build.0 = Debug|Any CPU
		{A31550E5-1F99-49BE-B804-79963D5EB2C4}.Release|Any CPU.ActiveCfg = Release|Any CPU
		{A31550E5-1F99-49BE-B804-79963D5EB2C4}.Release|Any CPU.Build.0 = Release|Any CPU
	EndGlobalSection
	GlobalSection(SolutionProperties) = preSolution
		HideSolutionNode = FALSE
	EndGlobalSection
	GlobalSection(ExtensibilityGlobals) = postSolution
		SolutionGuid = {94F83376-A139-449C-96CB-FBEB9CE28290}
	EndGlobalSection
EndGlobal
