
Microsoft Visual Studio Solution File, Format Version 12.00
# Visual Studio Version 16
VisualStudioVersion = 16.0.29709.97
MinimumVisualStudioVersion = 10.0.40219.1
Project("{FAE04EC0-301F-11D3-BF4B-00C04F79EFBC}") = "UniqueUsernames", "UniqueUsernames\UniqueUsernames.csproj", "{1B4A837B-2535-4CE3-BB4C-7285C4347A52}"
EndProject
Project("{FAE04EC0-301F-11D3-BF4B-00C04F79EFBC}") = "Sets ofElements", "Sets ofElements\Sets ofElements.csproj", "{444B8918-56FA-406E-B81E-BA270B28D60A}"
EndProject
Project("{FAE04EC0-301F-11D3-BF4B-00C04F79EFBC}") = "PeriodicTable", "PeriodicTable\PeriodicTable.csproj", "{69C66A42-ABEE-4AB6-9753-BA243063A687}"
EndProject
Project("{FAE04EC0-301F-11D3-BF4B-00C04F79EFBC}") = "CountSymbols", "CountSymbols\CountSymbols.csproj", "{C4EF6A8F-4D56-4E61-97B3-489034E2FE68}"
EndProject
Project("{FAE04EC0-301F-11D3-BF4B-00C04F79EFBC}") = "Wardrobe", "Wardrobe\Wardrobe.csproj", "{3C8BB957-7462-4A05-9BC6-4CACFE5F49A5}"
EndProject
Project("{FAE04EC0-301F-11D3-BF4B-00C04F79EFBC}") = "EvenTimes", "EvenTimes\EvenTimes.csproj", "{EB0CF807-7E23-401E-A0DC-A96D0AC0B72D}"
EndProject
Global
	GlobalSection(SolutionConfigurationPlatforms) = preSolution
		Debug|Any CPU = Debug|Any CPU
		Release|Any CPU = Release|Any CPU
	EndGlobalSection
	GlobalSection(ProjectConfigurationPlatforms) = postSolution
		{1B4A837B-2535-4CE3-BB4C-7285C4347A52}.Debug|Any CPU.ActiveCfg = Debug|Any CPU
		{1B4A837B-2535-4CE3-BB4C-7285C4347A52}.Debug|Any CPU.Build.0 = Debug|Any CPU
		{1B4A837B-2535-4CE3-BB4C-7285C4347A52}.Release|Any CPU.ActiveCfg = Release|Any CPU
		{1B4A837B-2535-4CE3-BB4C-7285C4347A52}.Release|Any CPU.Build.0 = Release|Any CPU
		{444B8918-56FA-406E-B81E-BA270B28D60A}.Debug|Any CPU.ActiveCfg = Debug|Any CPU
		{444B8918-56FA-406E-B81E-BA270B28D60A}.Debug|Any CPU.Build.0 = Debug|Any CPU
		{444B8918-56FA-406E-B81E-BA270B28D60A}.Release|Any CPU.ActiveCfg = Release|Any CPU
		{444B8918-56FA-406E-B81E-BA270B28D60A}.Release|Any CPU.Build.0 = Release|Any CPU
		{69C66A42-ABEE-4AB6-9753-BA243063A687}.Debug|Any CPU.ActiveCfg = Debug|Any CPU
		{69C66A42-ABEE-4AB6-9753-BA243063A687}.Debug|Any CPU.Build.0 = Debug|Any CPU
		{69C66A42-ABEE-4AB6-9753-BA243063A687}.Release|Any CPU.ActiveCfg = Release|Any CPU
		{69C66A42-ABEE-4AB6-9753-BA243063A687}.Release|Any CPU.Build.0 = Release|Any CPU
		{C4EF6A8F-4D56-4E61-97B3-489034E2FE68}.Debug|Any CPU.ActiveCfg = Debug|Any CPU
		{C4EF6A8F-4D56-4E61-97B3-489034E2FE68}.Debug|Any CPU.Build.0 = Debug|Any CPU
		{C4EF6A8F-4D56-4E61-97B3-489034E2FE68}.Release|Any CPU.ActiveCfg = Release|Any CPU
		{C4EF6A8F-4D56-4E61-97B3-489034E2FE68}.Release|Any CPU.Build.0 = Release|Any CPU
		{3C8BB957-7462-4A05-9BC6-4CACFE5F49A5}.Debug|Any CPU.ActiveCfg = Debug|Any CPU
		{3C8BB957-7462-4A05-9BC6-4CACFE5F49A5}.Debug|Any CPU.Build.0 = Debug|Any CPU
		{3C8BB957-7462-4A05-9BC6-4CACFE5F49A5}.Release|Any CPU.ActiveCfg = Release|Any CPU
		{3C8BB957-7462-4A05-9BC6-4CACFE5F49A5}.Release|Any CPU.Build.0 = Release|Any CPU
		{EB0CF807-7E23-401E-A0DC-A96D0AC0B72D}.Debug|Any CPU.ActiveCfg = Debug|Any CPU
		{EB0CF807-7E23-401E-A0DC-A96D0AC0B72D}.Debug|Any CPU.Build.0 = Debug|Any CPU
		{EB0CF807-7E23-401E-A0DC-A96D0AC0B72D}.Release|Any CPU.ActiveCfg = Release|Any CPU
		{EB0CF807-7E23-401E-A0DC-A96D0AC0B72D}.Release|Any CPU.Build.0 = Release|Any CPU
	EndGlobalSection
	GlobalSection(SolutionProperties) = preSolution
		HideSolutionNode = FALSE
	EndGlobalSection
	GlobalSection(ExtensibilityGlobals) = postSolution
		SolutionGuid = {A928EACE-82BB-4DDA-BD3C-359F43F6B85A}
	EndGlobalSection
EndGlobal
