
Microsoft Visual Studio Solution File, Format Version 12.00
# Visual Studio Version 16
VisualStudioVersion = 16.0.29306.81
MinimumVisualStudioVersion = 10.0.40219.1
Project("{9A19103F-16F7-4668-BE54-9A1E7A4F7556}") = "Student_Information", "Student_Information\Student_Information.csproj", "{44D34BCF-97A4-4D55-A967-3B895A379979}"
EndProject
Project("{9A19103F-16F7-4668-BE54-9A1E7A4F7556}") = "TestApp2", "TestApp2\TestApp2.csproj", "{3C1D84F6-80A1-4047-AAA4-AD380514A810}"
EndProject
Project("{FAE04EC0-301F-11D3-BF4B-00C04F79EFBC}") = "Passed", "Passed\Passed.csproj", "{C696DFE3-DFE3-4944-B35B-02415765B712}"
EndProject
Project("{FAE04EC0-301F-11D3-BF4B-00C04F79EFBC}") = "PassedOrFailed", "PassedOrFailed\PassedOrFailed.csproj", "{7EF392F4-AEB3-4F30-9ACE-277F3FAEF20F}"
EndProject
Project("{FAE04EC0-301F-11D3-BF4B-00C04F79EFBC}") = "BackIn30Minutes", "BackIn30Minutes\BackIn30Minutes.csproj", "{D3DBA3C9-DEF5-4550-B56E-716E24FD0D33}"
EndProject
Project("{FAE04EC0-301F-11D3-BF4B-00C04F79EFBC}") = "MonthPrinter", "MonthPrinter\MonthPrinter.csproj", "{0CCC622B-7C6B-4A73-853C-ECBC4764427A}"
EndProject
Project("{FAE04EC0-301F-11D3-BF4B-00C04F79EFBC}") = "ForeignLanguages", "ForeignLanguages\ForeignLanguages.csproj", "{4FF05554-9D41-4E6F-B279-2EFBAEF26298}"
EndProject
Project("{FAE04EC0-301F-11D3-BF4B-00C04F79EFBC}") = "TheatrePromotion", "TheatrePromotion\TheatrePromotion.csproj", "{030E0C53-8D26-486A-B282-50762BAAEAE6}"
EndProject
Project("{FAE04EC0-301F-11D3-BF4B-00C04F79EFBC}") = "Divisibleby3", "Divisibleby3\Divisibleby3.csproj", "{55462A4A-3ADC-4782-A4B4-9EF61014D1B7}"
EndProject
Project("{FAE04EC0-301F-11D3-BF4B-00C04F79EFBC}") = "SumofOddNumbers", "SumofOddNumbers\SumofOddNumbers.csproj", "{0B0F4BDA-4D29-40AC-BDE3-2E8555844ECC}"
EndProject
Project("{FAE04EC0-301F-11D3-BF4B-00C04F79EFBC}") = "MultiplicationTable", "MultiplicationTable\MultiplicationTable.csproj", "{5B34CF07-9E1C-4D35-8E85-8FCFB0BF3CF3}"
EndProject
Project("{FAE04EC0-301F-11D3-BF4B-00C04F79EFBC}") = "MultiplicationTable2", "MultiplicationTable2\MultiplicationTable2.csproj", "{2BE480EF-D601-4E41-AC75-64C7E0EEF38D}"
EndProject
Project("{FAE04EC0-301F-11D3-BF4B-00C04F79EFBC}") = "EvenNumber", "EvenNumber\EvenNumber.csproj", "{9FF1ED16-CAB5-441B-BACA-0EFD5218AECF}"
EndProject
Project("{FAE04EC0-301F-11D3-BF4B-00C04F79EFBC}") = "HolidaysBetweenTwoDates", "HolidaysBetweenTwoDates\HolidaysBetweenTwoDates.csproj", "{8764D908-EA2F-46A4-953F-F67F52E088F4}"
EndProject
Global
	GlobalSection(SolutionConfigurationPlatforms) = preSolution
		Debug|Any CPU = Debug|Any CPU
		Release|Any CPU = Release|Any CPU
	EndGlobalSection
	GlobalSection(ProjectConfigurationPlatforms) = postSolution
		{44D34BCF-97A4-4D55-A967-3B895A379979}.Debug|Any CPU.ActiveCfg = Debug|Any CPU
		{44D34BCF-97A4-4D55-A967-3B895A379979}.Debug|Any CPU.Build.0 = Debug|Any CPU
		{44D34BCF-97A4-4D55-A967-3B895A379979}.Release|Any CPU.ActiveCfg = Release|Any CPU
		{44D34BCF-97A4-4D55-A967-3B895A379979}.Release|Any CPU.Build.0 = Release|Any CPU
		{3C1D84F6-80A1-4047-AAA4-AD380514A810}.Debug|Any CPU.ActiveCfg = Debug|Any CPU
		{3C1D84F6-80A1-4047-AAA4-AD380514A810}.Debug|Any CPU.Build.0 = Debug|Any CPU
		{3C1D84F6-80A1-4047-AAA4-AD380514A810}.Release|Any CPU.ActiveCfg = Release|Any CPU
		{3C1D84F6-80A1-4047-AAA4-AD380514A810}.Release|Any CPU.Build.0 = Release|Any CPU
		{C696DFE3-DFE3-4944-B35B-02415765B712}.Debug|Any CPU.ActiveCfg = Debug|Any CPU
		{C696DFE3-DFE3-4944-B35B-02415765B712}.Debug|Any CPU.Build.0 = Debug|Any CPU
		{C696DFE3-DFE3-4944-B35B-02415765B712}.Release|Any CPU.ActiveCfg = Release|Any CPU
		{C696DFE3-DFE3-4944-B35B-02415765B712}.Release|Any CPU.Build.0 = Release|Any CPU
		{7EF392F4-AEB3-4F30-9ACE-277F3FAEF20F}.Debug|Any CPU.ActiveCfg = Debug|Any CPU
		{7EF392F4-AEB3-4F30-9ACE-277F3FAEF20F}.Debug|Any CPU.Build.0 = Debug|Any CPU
		{7EF392F4-AEB3-4F30-9ACE-277F3FAEF20F}.Release|Any CPU.ActiveCfg = Release|Any CPU
		{7EF392F4-AEB3-4F30-9ACE-277F3FAEF20F}.Release|Any CPU.Build.0 = Release|Any CPU
		{D3DBA3C9-DEF5-4550-B56E-716E24FD0D33}.Debug|Any CPU.ActiveCfg = Debug|Any CPU
		{D3DBA3C9-DEF5-4550-B56E-716E24FD0D33}.Debug|Any CPU.Build.0 = Debug|Any CPU
		{D3DBA3C9-DEF5-4550-B56E-716E24FD0D33}.Release|Any CPU.ActiveCfg = Release|Any CPU
		{D3DBA3C9-DEF5-4550-B56E-716E24FD0D33}.Release|Any CPU.Build.0 = Release|Any CPU
		{0CCC622B-7C6B-4A73-853C-ECBC4764427A}.Debug|Any CPU.ActiveCfg = Debug|Any CPU
		{0CCC622B-7C6B-4A73-853C-ECBC4764427A}.Debug|Any CPU.Build.0 = Debug|Any CPU
		{0CCC622B-7C6B-4A73-853C-ECBC4764427A}.Release|Any CPU.ActiveCfg = Release|Any CPU
		{0CCC622B-7C6B-4A73-853C-ECBC4764427A}.Release|Any CPU.Build.0 = Release|Any CPU
		{4FF05554-9D41-4E6F-B279-2EFBAEF26298}.Debug|Any CPU.ActiveCfg = Debug|Any CPU
		{4FF05554-9D41-4E6F-B279-2EFBAEF26298}.Debug|Any CPU.Build.0 = Debug|Any CPU
		{4FF05554-9D41-4E6F-B279-2EFBAEF26298}.Release|Any CPU.ActiveCfg = Release|Any CPU
		{4FF05554-9D41-4E6F-B279-2EFBAEF26298}.Release|Any CPU.Build.0 = Release|Any CPU
		{030E0C53-8D26-486A-B282-50762BAAEAE6}.Debug|Any CPU.ActiveCfg = Debug|Any CPU
		{030E0C53-8D26-486A-B282-50762BAAEAE6}.Debug|Any CPU.Build.0 = Debug|Any CPU
		{030E0C53-8D26-486A-B282-50762BAAEAE6}.Release|Any CPU.ActiveCfg = Release|Any CPU
		{030E0C53-8D26-486A-B282-50762BAAEAE6}.Release|Any CPU.Build.0 = Release|Any CPU
		{55462A4A-3ADC-4782-A4B4-9EF61014D1B7}.Debug|Any CPU.ActiveCfg = Debug|Any CPU
		{55462A4A-3ADC-4782-A4B4-9EF61014D1B7}.Debug|Any CPU.Build.0 = Debug|Any CPU
		{55462A4A-3ADC-4782-A4B4-9EF61014D1B7}.Release|Any CPU.ActiveCfg = Release|Any CPU
		{55462A4A-3ADC-4782-A4B4-9EF61014D1B7}.Release|Any CPU.Build.0 = Release|Any CPU
		{0B0F4BDA-4D29-40AC-BDE3-2E8555844ECC}.Debug|Any CPU.ActiveCfg = Debug|Any CPU
		{0B0F4BDA-4D29-40AC-BDE3-2E8555844ECC}.Debug|Any CPU.Build.0 = Debug|Any CPU
		{0B0F4BDA-4D29-40AC-BDE3-2E8555844ECC}.Release|Any CPU.ActiveCfg = Release|Any CPU
		{0B0F4BDA-4D29-40AC-BDE3-2E8555844ECC}.Release|Any CPU.Build.0 = Release|Any CPU
		{5B34CF07-9E1C-4D35-8E85-8FCFB0BF3CF3}.Debug|Any CPU.ActiveCfg = Debug|Any CPU
		{5B34CF07-9E1C-4D35-8E85-8FCFB0BF3CF3}.Debug|Any CPU.Build.0 = Debug|Any CPU
		{5B34CF07-9E1C-4D35-8E85-8FCFB0BF3CF3}.Release|Any CPU.ActiveCfg = Release|Any CPU
		{5B34CF07-9E1C-4D35-8E85-8FCFB0BF3CF3}.Release|Any CPU.Build.0 = Release|Any CPU
		{2BE480EF-D601-4E41-AC75-64C7E0EEF38D}.Debug|Any CPU.ActiveCfg = Debug|Any CPU
		{2BE480EF-D601-4E41-AC75-64C7E0EEF38D}.Debug|Any CPU.Build.0 = Debug|Any CPU
		{2BE480EF-D601-4E41-AC75-64C7E0EEF38D}.Release|Any CPU.ActiveCfg = Release|Any CPU
		{2BE480EF-D601-4E41-AC75-64C7E0EEF38D}.Release|Any CPU.Build.0 = Release|Any CPU
		{9FF1ED16-CAB5-441B-BACA-0EFD5218AECF}.Debug|Any CPU.ActiveCfg = Debug|Any CPU
		{9FF1ED16-CAB5-441B-BACA-0EFD5218AECF}.Debug|Any CPU.Build.0 = Debug|Any CPU
		{9FF1ED16-CAB5-441B-BACA-0EFD5218AECF}.Release|Any CPU.ActiveCfg = Release|Any CPU
		{9FF1ED16-CAB5-441B-BACA-0EFD5218AECF}.Release|Any CPU.Build.0 = Release|Any CPU
		{8764D908-EA2F-46A4-953F-F67F52E088F4}.Debug|Any CPU.ActiveCfg = Debug|Any CPU
		{8764D908-EA2F-46A4-953F-F67F52E088F4}.Debug|Any CPU.Build.0 = Debug|Any CPU
		{8764D908-EA2F-46A4-953F-F67F52E088F4}.Release|Any CPU.ActiveCfg = Release|Any CPU
		{8764D908-EA2F-46A4-953F-F67F52E088F4}.Release|Any CPU.Build.0 = Release|Any CPU
	EndGlobalSection
	GlobalSection(SolutionProperties) = preSolution
		HideSolutionNode = FALSE
	EndGlobalSection
	GlobalSection(ExtensibilityGlobals) = postSolution
		SolutionGuid = {616F6051-91B2-4BEC-9EDB-357EAEE70876}
	EndGlobalSection
EndGlobal
