
Microsoft Visual Studio Solution File, Format Version 12.00
# Visual Studio Version 16
VisualStudioVersion = 16.0.29709.97
MinimumVisualStudioVersion = 10.0.40219.1
Project("{9A19103F-16F7-4668-BE54-9A1E7A4F7556}") = "GenericBoxofString", "GenericBoxofString\GenericBoxofString.csproj", "{A6A93264-B00B-4F25-9839-93A7A62B58D0}"
EndProject
Project("{FAE04EC0-301F-11D3-BF4B-00C04F79EFBC}") = "Tuple", "Tuple\Tuple.csproj", "{C098E868-BB04-400D-861B-851BBC73EDA1}"
EndProject
Global
	GlobalSection(SolutionConfigurationPlatforms) = preSolution
		Debug|Any CPU = Debug|Any CPU
		Release|Any CPU = Release|Any CPU
	EndGlobalSection
	GlobalSection(ProjectConfigurationPlatforms) = postSolution
		{A6A93264-B00B-4F25-9839-93A7A62B58D0}.Debug|Any CPU.ActiveCfg = Debug|Any CPU
		{A6A93264-B00B-4F25-9839-93A7A62B58D0}.Debug|Any CPU.Build.0 = Debug|Any CPU
		{A6A93264-B00B-4F25-9839-93A7A62B58D0}.Release|Any CPU.ActiveCfg = Release|Any CPU
		{A6A93264-B00B-4F25-9839-93A7A62B58D0}.Release|Any CPU.Build.0 = Release|Any CPU
		{C098E868-BB04-400D-861B-851BBC73EDA1}.Debug|Any CPU.ActiveCfg = Debug|Any CPU
		{C098E868-BB04-400D-861B-851BBC73EDA1}.Debug|Any CPU.Build.0 = Debug|Any CPU
		{C098E868-BB04-400D-861B-851BBC73EDA1}.Release|Any CPU.ActiveCfg = Release|Any CPU
		{C098E868-BB04-400D-861B-851BBC73EDA1}.Release|Any CPU.Build.0 = Release|Any CPU
	EndGlobalSection
	GlobalSection(SolutionProperties) = preSolution
		HideSolutionNode = FALSE
	EndGlobalSection
	GlobalSection(ExtensibilityGlobals) = postSolution
		SolutionGuid = {665C5F0D-7A08-4447-9727-C719E0E4516F}
	EndGlobalSection
EndGlobal
