
Microsoft Visual Studio Solution File, Format Version 12.00
# Visual Studio 15
VisualStudioVersion = 15.0.28307.572
MinimumVisualStudioVersion = 10.0.40219.1
Project("{9A19103F-16F7-4668-BE54-9A1E7A4F7556}") = "Pb May While Loop Exercises", "Pb May While Loop Exercises\Pb May While Loop Exercises.csproj", "{486549A9-D2DB-4E32-A4E4-27AF0597EF0E}"
EndProject
Project("{9A19103F-16F7-4668-BE54-9A1E7A4F7556}") = "Exam Preparation", "Exam Preparation\Exam Preparation.csproj", "{A8D7E222-E244-405A-B02B-0EA1118B51A5}"
EndProject
Project("{9A19103F-16F7-4668-BE54-9A1E7A4F7556}") = "Vacantion", "Vacantion\Vacantion.csproj", "{19BFFCC7-02D4-4284-9F37-43BAB5AE2CBD}"
EndProject
Project("{9A19103F-16F7-4668-BE54-9A1E7A4F7556}") = "Steps", "Steps\Steps.csproj", "{2A2202F9-B642-45E1-A310-5372F7669C0E}"
EndProject
Project("{9A19103F-16F7-4668-BE54-9A1E7A4F7556}") = "Coins", "Coins\Coins.csproj", "{E48B2D21-DD86-405F-81D2-04323F92B2B0}"
EndProject
Project("{9A19103F-16F7-4668-BE54-9A1E7A4F7556}") = "06. Cake", "06. Cake\06. Cake.csproj", "{F8BA069A-5606-4D99-9078-7AB6B452455E}"
EndProject
Project("{FAE04EC0-301F-11D3-BF4B-00C04F79EFBC}") = "Debug", "Debug\Debug.csproj", "{0EF4C89B-3939-413C-A4A0-72A9A407CC23}"
EndProject
Global
	GlobalSection(SolutionConfigurationPlatforms) = preSolution
		Debug|Any CPU = Debug|Any CPU
		Release|Any CPU = Release|Any CPU
	EndGlobalSection
	GlobalSection(ProjectConfigurationPlatforms) = postSolution
		{486549A9-D2DB-4E32-A4E4-27AF0597EF0E}.Debug|Any CPU.ActiveCfg = Debug|Any CPU
		{486549A9-D2DB-4E32-A4E4-27AF0597EF0E}.Debug|Any CPU.Build.0 = Debug|Any CPU
		{486549A9-D2DB-4E32-A4E4-27AF0597EF0E}.Release|Any CPU.ActiveCfg = Release|Any CPU
		{486549A9-D2DB-4E32-A4E4-27AF0597EF0E}.Release|Any CPU.Build.0 = Release|Any CPU
		{A8D7E222-E244-405A-B02B-0EA1118B51A5}.Debug|Any CPU.ActiveCfg = Debug|Any CPU
		{A8D7E222-E244-405A-B02B-0EA1118B51A5}.Debug|Any CPU.Build.0 = Debug|Any CPU
		{A8D7E222-E244-405A-B02B-0EA1118B51A5}.Release|Any CPU.ActiveCfg = Release|Any CPU
		{A8D7E222-E244-405A-B02B-0EA1118B51A5}.Release|Any CPU.Build.0 = Release|Any CPU
		{19BFFCC7-02D4-4284-9F37-43BAB5AE2CBD}.Debug|Any CPU.ActiveCfg = Debug|Any CPU
		{19BFFCC7-02D4-4284-9F37-43BAB5AE2CBD}.Debug|Any CPU.Build.0 = Debug|Any CPU
		{19BFFCC7-02D4-4284-9F37-43BAB5AE2CBD}.Release|Any CPU.ActiveCfg = Release|Any CPU
		{19BFFCC7-02D4-4284-9F37-43BAB5AE2CBD}.Release|Any CPU.Build.0 = Release|Any CPU
		{2A2202F9-B642-45E1-A310-5372F7669C0E}.Debug|Any CPU.ActiveCfg = Debug|Any CPU
		{2A2202F9-B642-45E1-A310-5372F7669C0E}.Debug|Any CPU.Build.0 = Debug|Any CPU
		{2A2202F9-B642-45E1-A310-5372F7669C0E}.Release|Any CPU.ActiveCfg = Release|Any CPU
		{2A2202F9-B642-45E1-A310-5372F7669C0E}.Release|Any CPU.Build.0 = Release|Any CPU
		{E48B2D21-DD86-405F-81D2-04323F92B2B0}.Debug|Any CPU.ActiveCfg = Debug|Any CPU
		{E48B2D21-DD86-405F-81D2-04323F92B2B0}.Debug|Any CPU.Build.0 = Debug|Any CPU
		{E48B2D21-DD86-405F-81D2-04323F92B2B0}.Release|Any CPU.ActiveCfg = Release|Any CPU
		{E48B2D21-DD86-405F-81D2-04323F92B2B0}.Release|Any CPU.Build.0 = Release|Any CPU
		{F8BA069A-5606-4D99-9078-7AB6B452455E}.Debug|Any CPU.ActiveCfg = Debug|Any CPU
		{F8BA069A-5606-4D99-9078-7AB6B452455E}.Debug|Any CPU.Build.0 = Debug|Any CPU
		{F8BA069A-5606-4D99-9078-7AB6B452455E}.Release|Any CPU.ActiveCfg = Release|Any CPU
		{F8BA069A-5606-4D99-9078-7AB6B452455E}.Release|Any CPU.Build.0 = Release|Any CPU
		{0EF4C89B-3939-413C-A4A0-72A9A407CC23}.Debug|Any CPU.ActiveCfg = Debug|Any CPU
		{0EF4C89B-3939-413C-A4A0-72A9A407CC23}.Debug|Any CPU.Build.0 = Debug|Any CPU
		{0EF4C89B-3939-413C-A4A0-72A9A407CC23}.Release|Any CPU.ActiveCfg = Release|Any CPU
		{0EF4C89B-3939-413C-A4A0-72A9A407CC23}.Release|Any CPU.Build.0 = Release|Any CPU
	EndGlobalSection
	GlobalSection(SolutionProperties) = preSolution
		HideSolutionNode = FALSE
	EndGlobalSection
	GlobalSection(ExtensibilityGlobals) = postSolution
		SolutionGuid = {187834C6-A3E6-4086-A088-194AC3BAC12E}
	EndGlobalSection
EndGlobal
