
Microsoft Visual Studio Solution File, Format Version 12.00
# Visual Studio Version 16
VisualStudioVersion = 16.0.29613.14
MinimumVisualStudioVersion = 10.0.40219.1
Project("{9A19103F-16F7-4668-BE54-9A1E7A4F7556}") = "MultidimensionalArraysExersise", "MultidimensionalArraysExersise\MultidimensionalArraysExersise.csproj", "{3635F5E9-A767-4826-9315-D9F4F411E503}"
EndProject
Project("{9A19103F-16F7-4668-BE54-9A1E7A4F7556}") = "2X2SquaresinMatrix", "2X2SquaresinMatrix\2X2SquaresinMatrix.csproj", "{8F506740-865E-4753-A5BF-69E12A8E64C9}"
EndProject
Project("{FAE04EC0-301F-11D3-BF4B-00C04F79EFBC}") = "MatrixShuffling", "MatrixShuffling\MatrixShuffling.csproj", "{9EA67F5B-F47C-4279-A08F-EF08A4973ECF}"
EndProject
Project("{FAE04EC0-301F-11D3-BF4B-00C04F79EFBC}") = "MaximalSum", "MaximalSum\MaximalSum.csproj", "{6A9736E2-47A8-443B-95B3-A81529E0FB8C}"
EndProject
Global
	GlobalSection(SolutionConfigurationPlatforms) = preSolution
		Debug|Any CPU = Debug|Any CPU
		Release|Any CPU = Release|Any CPU
	EndGlobalSection
	GlobalSection(ProjectConfigurationPlatforms) = postSolution
		{3635F5E9-A767-4826-9315-D9F4F411E503}.Debug|Any CPU.ActiveCfg = Debug|Any CPU
		{3635F5E9-A767-4826-9315-D9F4F411E503}.Debug|Any CPU.Build.0 = Debug|Any CPU
		{3635F5E9-A767-4826-9315-D9F4F411E503}.Release|Any CPU.ActiveCfg = Release|Any CPU
		{3635F5E9-A767-4826-9315-D9F4F411E503}.Release|Any CPU.Build.0 = Release|Any CPU
		{8F506740-865E-4753-A5BF-69E12A8E64C9}.Debug|Any CPU.ActiveCfg = Debug|Any CPU
		{8F506740-865E-4753-A5BF-69E12A8E64C9}.Debug|Any CPU.Build.0 = Debug|Any CPU
		{8F506740-865E-4753-A5BF-69E12A8E64C9}.Release|Any CPU.ActiveCfg = Release|Any CPU
		{8F506740-865E-4753-A5BF-69E12A8E64C9}.Release|Any CPU.Build.0 = Release|Any CPU
		{9EA67F5B-F47C-4279-A08F-EF08A4973ECF}.Debug|Any CPU.ActiveCfg = Debug|Any CPU
		{9EA67F5B-F47C-4279-A08F-EF08A4973ECF}.Debug|Any CPU.Build.0 = Debug|Any CPU
		{9EA67F5B-F47C-4279-A08F-EF08A4973ECF}.Release|Any CPU.ActiveCfg = Release|Any CPU
		{9EA67F5B-F47C-4279-A08F-EF08A4973ECF}.Release|Any CPU.Build.0 = Release|Any CPU
		{6A9736E2-47A8-443B-95B3-A81529E0FB8C}.Debug|Any CPU.ActiveCfg = Debug|Any CPU
		{6A9736E2-47A8-443B-95B3-A81529E0FB8C}.Debug|Any CPU.Build.0 = Debug|Any CPU
		{6A9736E2-47A8-443B-95B3-A81529E0FB8C}.Release|Any CPU.ActiveCfg = Release|Any CPU
		{6A9736E2-47A8-443B-95B3-A81529E0FB8C}.Release|Any CPU.Build.0 = Release|Any CPU
	EndGlobalSection
	GlobalSection(SolutionProperties) = preSolution
		HideSolutionNode = FALSE
	EndGlobalSection
	GlobalSection(ExtensibilityGlobals) = postSolution
		SolutionGuid = {8BAB9D14-110A-421A-96AA-9E540A382A44}
	EndGlobalSection
EndGlobal
