
Microsoft Visual Studio Solution File, Format Version 12.00
# Visual Studio Version 16
VisualStudioVersion = 16.0.30503.244
MinimumVisualStudioVersion = 10.0.40219.1
Project("{9A19103F-16F7-4668-BE54-9A1E7A4F7556}") = "Chronometer", "Chronometer\Chronometer.csproj", "{D591D900-5A46-463E-BF38-5BC9A4F49C32}"
EndProject
Project("{9A19103F-16F7-4668-BE54-9A1E7A4F7556}") = "Runner", "Runner\Runner.csproj", "{34447E9C-408C-46E2-BA01-62CECEA95A9B}"
EndProject
Project("{FAE04EC0-301F-11D3-BF4B-00C04F79EFBC}") = "MergeSort", "MergeSort\MergeSort.csproj", "{D3FC22A8-B653-471F-9016-7491F2884F9E}"
EndProject
Global
	GlobalSection(SolutionConfigurationPlatforms) = preSolution
		Debug|Any CPU = Debug|Any CPU
		Release|Any CPU = Release|Any CPU
	EndGlobalSection
	GlobalSection(ProjectConfigurationPlatforms) = postSolution
		{D591D900-5A46-463E-BF38-5BC9A4F49C32}.Debug|Any CPU.ActiveCfg = Debug|Any CPU
		{D591D900-5A46-463E-BF38-5BC9A4F49C32}.Debug|Any CPU.Build.0 = Debug|Any CPU
		{D591D900-5A46-463E-BF38-5BC9A4F49C32}.Release|Any CPU.ActiveCfg = Release|Any CPU
		{D591D900-5A46-463E-BF38-5BC9A4F49C32}.Release|Any CPU.Build.0 = Release|Any CPU
		{34447E9C-408C-46E2-BA01-62CECEA95A9B}.Debug|Any CPU.ActiveCfg = Debug|Any CPU
		{34447E9C-408C-46E2-BA01-62CECEA95A9B}.Debug|Any CPU.Build.0 = Debug|Any CPU
		{34447E9C-408C-46E2-BA01-62CECEA95A9B}.Release|Any CPU.ActiveCfg = Release|Any CPU
		{34447E9C-408C-46E2-BA01-62CECEA95A9B}.Release|Any CPU.Build.0 = Release|Any CPU
		{D3FC22A8-B653-471F-9016-7491F2884F9E}.Debug|Any CPU.ActiveCfg = Debug|Any CPU
		{D3FC22A8-B653-471F-9016-7491F2884F9E}.Debug|Any CPU.Build.0 = Debug|Any CPU
		{D3FC22A8-B653-471F-9016-7491F2884F9E}.Release|Any CPU.ActiveCfg = Release|Any CPU
		{D3FC22A8-B653-471F-9016-7491F2884F9E}.Release|Any CPU.Build.0 = Release|Any CPU
	EndGlobalSection
	GlobalSection(SolutionProperties) = preSolution
		HideSolutionNode = FALSE
	EndGlobalSection
	GlobalSection(ExtensibilityGlobals) = postSolution
		SolutionGuid = {20849580-B908-48F7-862D-852D24D362AC}
	EndGlobalSection
EndGlobal
