
Microsoft Visual Studio Solution File, Format Version 12.00
# Visual Studio Version 16
VisualStudioVersion = 16.0.29613.14
MinimumVisualStudioVersion = 10.0.40219.1
Project("{9A19103F-16F7-4668-BE54-9A1E7A4F7556}") = "CountSameValuesinArray", "CountSameValuesinArray\CountSameValuesinArray.csproj", "{B4704EE6-4F04-41CF-97B4-B1DB410E97B5}"
EndProject
Project("{9A19103F-16F7-4668-BE54-9A1E7A4F7556}") = "AverageStudentGrades", "AverageStudentGrades\AverageStudentGrades.csproj", "{C92FF326-5FA2-4F01-A602-0D6E9C12C14C}"
EndProject
Project("{9A19103F-16F7-4668-BE54-9A1E7A4F7556}") = "SoftUniParty", "SoftUniParty\SoftUniParty.csproj", "{9B221BEC-A224-4DE5-8028-0EEDF11AC9B9}"
EndProject
Project("{9A19103F-16F7-4668-BE54-9A1E7A4F7556}") = "ParkingLot", "ParkingLot\ParkingLot.csproj", "{DA844900-D555-49F2-8EA3-BDD6A7202DCE}"
EndProject
Project("{9A19103F-16F7-4668-BE54-9A1E7A4F7556}") = "RecordUniqueNames", "RecordUniqueNames\RecordUniqueNames.csproj", "{1ECDC2E6-1E81-4ADF-9592-E5A6EC582589}"
EndProject
Project("{FAE04EC0-301F-11D3-BF4B-00C04F79EFBC}") = "ProductShop", "ProductShop\ProductShop.csproj", "{2D3A65BA-675F-4870-B44E-B3BEBFF611A2}"
EndProject
Project("{FAE04EC0-301F-11D3-BF4B-00C04F79EFBC}") = "CitiesbyContinentandCountry", "CitiesbyContinentandCountry\CitiesbyContinentandCountry.csproj", "{25C6BF4D-6EC6-4730-BD0C-DC6B88E40216}"
EndProject
Global
	GlobalSection(SolutionConfigurationPlatforms) = preSolution
		Debug|Any CPU = Debug|Any CPU
		Release|Any CPU = Release|Any CPU
	EndGlobalSection
	GlobalSection(ProjectConfigurationPlatforms) = postSolution
		{B4704EE6-4F04-41CF-97B4-B1DB410E97B5}.Debug|Any CPU.ActiveCfg = Debug|Any CPU
		{B4704EE6-4F04-41CF-97B4-B1DB410E97B5}.Debug|Any CPU.Build.0 = Debug|Any CPU
		{B4704EE6-4F04-41CF-97B4-B1DB410E97B5}.Release|Any CPU.ActiveCfg = Release|Any CPU
		{B4704EE6-4F04-41CF-97B4-B1DB410E97B5}.Release|Any CPU.Build.0 = Release|Any CPU
		{C92FF326-5FA2-4F01-A602-0D6E9C12C14C}.Debug|Any CPU.ActiveCfg = Debug|Any CPU
		{C92FF326-5FA2-4F01-A602-0D6E9C12C14C}.Debug|Any CPU.Build.0 = Debug|Any CPU
		{C92FF326-5FA2-4F01-A602-0D6E9C12C14C}.Release|Any CPU.ActiveCfg = Release|Any CPU
		{C92FF326-5FA2-4F01-A602-0D6E9C12C14C}.Release|Any CPU.Build.0 = Release|Any CPU
		{9B221BEC-A224-4DE5-8028-0EEDF11AC9B9}.Debug|Any CPU.ActiveCfg = Debug|Any CPU
		{9B221BEC-A224-4DE5-8028-0EEDF11AC9B9}.Debug|Any CPU.Build.0 = Debug|Any CPU
		{9B221BEC-A224-4DE5-8028-0EEDF11AC9B9}.Release|Any CPU.ActiveCfg = Release|Any CPU
		{9B221BEC-A224-4DE5-8028-0EEDF11AC9B9}.Release|Any CPU.Build.0 = Release|Any CPU
		{DA844900-D555-49F2-8EA3-BDD6A7202DCE}.Debug|Any CPU.ActiveCfg = Debug|Any CPU
		{DA844900-D555-49F2-8EA3-BDD6A7202DCE}.Debug|Any CPU.Build.0 = Debug|Any CPU
		{DA844900-D555-49F2-8EA3-BDD6A7202DCE}.Release|Any CPU.ActiveCfg = Release|Any CPU
		{DA844900-D555-49F2-8EA3-BDD6A7202DCE}.Release|Any CPU.Build.0 = Release|Any CPU
		{1ECDC2E6-1E81-4ADF-9592-E5A6EC582589}.Debug|Any CPU.ActiveCfg = Debug|Any CPU
		{1ECDC2E6-1E81-4ADF-9592-E5A6EC582589}.Debug|Any CPU.Build.0 = Debug|Any CPU
		{1ECDC2E6-1E81-4ADF-9592-E5A6EC582589}.Release|Any CPU.ActiveCfg = Release|Any CPU
		{1ECDC2E6-1E81-4ADF-9592-E5A6EC582589}.Release|Any CPU.Build.0 = Release|Any CPU
		{2D3A65BA-675F-4870-B44E-B3BEBFF611A2}.Debug|Any CPU.ActiveCfg = Debug|Any CPU
		{2D3A65BA-675F-4870-B44E-B3BEBFF611A2}.Debug|Any CPU.Build.0 = Debug|Any CPU
		{2D3A65BA-675F-4870-B44E-B3BEBFF611A2}.Release|Any CPU.ActiveCfg = Release|Any CPU
		{2D3A65BA-675F-4870-B44E-B3BEBFF611A2}.Release|Any CPU.Build.0 = Release|Any CPU
		{25C6BF4D-6EC6-4730-BD0C-DC6B88E40216}.Debug|Any CPU.ActiveCfg = Debug|Any CPU
		{25C6BF4D-6EC6-4730-BD0C-DC6B88E40216}.Debug|Any CPU.Build.0 = Debug|Any CPU
		{25C6BF4D-6EC6-4730-BD0C-DC6B88E40216}.Release|Any CPU.ActiveCfg = Release|Any CPU
		{25C6BF4D-6EC6-4730-BD0C-DC6B88E40216}.Release|Any CPU.Build.0 = Release|Any CPU
	EndGlobalSection
	GlobalSection(SolutionProperties) = preSolution
		HideSolutionNode = FALSE
	EndGlobalSection
	GlobalSection(ExtensibilityGlobals) = postSolution
		SolutionGuid = {94ED1B1F-7E07-43B7-8010-EAC9F4DDA9E2}
	EndGlobalSection
EndGlobal
