
Microsoft Visual Studio Solution File, Format Version 12.00
# Visual Studio Version 16
VisualStudioVersion = 16.0.30204.135
MinimumVisualStudioVersion = 10.0.40219.1
Project("{9A19103F-16F7-4668-BE54-9A1E7A4F7556}") = "VillainNames", "VillainNames\VillainNames.csproj", "{7B0A30DF-105C-4963-8D2B-C180757A854D}"
EndProject
Project("{9A19103F-16F7-4668-BE54-9A1E7A4F7556}") = "MinionNames", "MinionNames\MinionNames.csproj", "{4F5BF6A0-819A-4DBB-8B08-4033BF3D9B2A}"
EndProject
Project("{9A19103F-16F7-4668-BE54-9A1E7A4F7556}") = "AddMinon", "AddMinon\AddMinon.csproj", "{226048F7-BFF0-4E78-97C5-7DB966D36302}"
EndProject
Project("{9A19103F-16F7-4668-BE54-9A1E7A4F7556}") = "ChangeTownNamesCasing", "ChangeTownNamesCasing\ChangeTownNamesCasing.csproj", "{73AE4CD0-274A-4BCA-9C03-D6A4D3183DC5}"
EndProject
Project("{FAE04EC0-301F-11D3-BF4B-00C04F79EFBC}") = "InitialSetup", "InitialSetup\InitialSetup.csproj", "{F0941D43-6640-46C9-A1E9-1B3392976255}"
EndProject
Project("{FAE04EC0-301F-11D3-BF4B-00C04F79EFBC}") = "IncreaseAgeStoredProcedure", "IncreaseAgeStoredProcedure\IncreaseAgeStoredProcedure.csproj", "{C120511B-07D1-4F04-9321-11B881A6BEBB}"
EndProject
Project("{FAE04EC0-301F-11D3-BF4B-00C04F79EFBC}") = "IncreaseMinionAge", "IncreaseMinionAge\IncreaseMinionAge.csproj", "{D1DAF0A7-F736-4C57-9130-CD537DD1F03E}"
EndProject
Project("{FAE04EC0-301F-11D3-BF4B-00C04F79EFBC}") = "PrintAllMinionNames", "PrintAllMinionNames\PrintAllMinionNames.csproj", "{73D2FC3D-AB4D-4CD8-A7C2-6BD3CD65BBBA}"
EndProject
Project("{FAE04EC0-301F-11D3-BF4B-00C04F79EFBC}") = "RemoveVillain", "RemoveVillain\RemoveVillain.csproj", "{228726B9-D192-4AC5-8193-BE894CF83307}"
EndProject
Global
	GlobalSection(SolutionConfigurationPlatforms) = preSolution
		Debug|Any CPU = Debug|Any CPU
		Release|Any CPU = Release|Any CPU
	EndGlobalSection
	GlobalSection(ProjectConfigurationPlatforms) = postSolution
		{7B0A30DF-105C-4963-8D2B-C180757A854D}.Debug|Any CPU.ActiveCfg = Debug|Any CPU
		{7B0A30DF-105C-4963-8D2B-C180757A854D}.Debug|Any CPU.Build.0 = Debug|Any CPU
		{7B0A30DF-105C-4963-8D2B-C180757A854D}.Release|Any CPU.ActiveCfg = Release|Any CPU
		{7B0A30DF-105C-4963-8D2B-C180757A854D}.Release|Any CPU.Build.0 = Release|Any CPU
		{4F5BF6A0-819A-4DBB-8B08-4033BF3D9B2A}.Debug|Any CPU.ActiveCfg = Debug|Any CPU
		{4F5BF6A0-819A-4DBB-8B08-4033BF3D9B2A}.Debug|Any CPU.Build.0 = Debug|Any CPU
		{4F5BF6A0-819A-4DBB-8B08-4033BF3D9B2A}.Release|Any CPU.ActiveCfg = Release|Any CPU
		{4F5BF6A0-819A-4DBB-8B08-4033BF3D9B2A}.Release|Any CPU.Build.0 = Release|Any CPU
		{226048F7-BFF0-4E78-97C5-7DB966D36302}.Debug|Any CPU.ActiveCfg = Debug|Any CPU
		{226048F7-BFF0-4E78-97C5-7DB966D36302}.Debug|Any CPU.Build.0 = Debug|Any CPU
		{226048F7-BFF0-4E78-97C5-7DB966D36302}.Release|Any CPU.ActiveCfg = Release|Any CPU
		{226048F7-BFF0-4E78-97C5-7DB966D36302}.Release|Any CPU.Build.0 = Release|Any CPU
		{73AE4CD0-274A-4BCA-9C03-D6A4D3183DC5}.Debug|Any CPU.ActiveCfg = Debug|Any CPU
		{73AE4CD0-274A-4BCA-9C03-D6A4D3183DC5}.Debug|Any CPU.Build.0 = Debug|Any CPU
		{73AE4CD0-274A-4BCA-9C03-D6A4D3183DC5}.Release|Any CPU.ActiveCfg = Release|Any CPU
		{73AE4CD0-274A-4BCA-9C03-D6A4D3183DC5}.Release|Any CPU.Build.0 = Release|Any CPU
		{F0941D43-6640-46C9-A1E9-1B3392976255}.Debug|Any CPU.ActiveCfg = Debug|Any CPU
		{F0941D43-6640-46C9-A1E9-1B3392976255}.Debug|Any CPU.Build.0 = Debug|Any CPU
		{F0941D43-6640-46C9-A1E9-1B3392976255}.Release|Any CPU.ActiveCfg = Release|Any CPU
		{F0941D43-6640-46C9-A1E9-1B3392976255}.Release|Any CPU.Build.0 = Release|Any CPU
		{C120511B-07D1-4F04-9321-11B881A6BEBB}.Debug|Any CPU.ActiveCfg = Debug|Any CPU
		{C120511B-07D1-4F04-9321-11B881A6BEBB}.Debug|Any CPU.Build.0 = Debug|Any CPU
		{C120511B-07D1-4F04-9321-11B881A6BEBB}.Release|Any CPU.ActiveCfg = Release|Any CPU
		{C120511B-07D1-4F04-9321-11B881A6BEBB}.Release|Any CPU.Build.0 = Release|Any CPU
		{D1DAF0A7-F736-4C57-9130-CD537DD1F03E}.Debug|Any CPU.ActiveCfg = Debug|Any CPU
		{D1DAF0A7-F736-4C57-9130-CD537DD1F03E}.Debug|Any CPU.Build.0 = Debug|Any CPU
		{D1DAF0A7-F736-4C57-9130-CD537DD1F03E}.Release|Any CPU.ActiveCfg = Release|Any CPU
		{D1DAF0A7-F736-4C57-9130-CD537DD1F03E}.Release|Any CPU.Build.0 = Release|Any CPU
		{73D2FC3D-AB4D-4CD8-A7C2-6BD3CD65BBBA}.Debug|Any CPU.ActiveCfg = Debug|Any CPU
		{73D2FC3D-AB4D-4CD8-A7C2-6BD3CD65BBBA}.Debug|Any CPU.Build.0 = Debug|Any CPU
		{73D2FC3D-AB4D-4CD8-A7C2-6BD3CD65BBBA}.Release|Any CPU.ActiveCfg = Release|Any CPU
		{73D2FC3D-AB4D-4CD8-A7C2-6BD3CD65BBBA}.Release|Any CPU.Build.0 = Release|Any CPU
		{228726B9-D192-4AC5-8193-BE894CF83307}.Debug|Any CPU.ActiveCfg = Debug|Any CPU
		{228726B9-D192-4AC5-8193-BE894CF83307}.Debug|Any CPU.Build.0 = Debug|Any CPU
		{228726B9-D192-4AC5-8193-BE894CF83307}.Release|Any CPU.ActiveCfg = Release|Any CPU
		{228726B9-D192-4AC5-8193-BE894CF83307}.Release|Any CPU.Build.0 = Release|Any CPU
	EndGlobalSection
	GlobalSection(SolutionProperties) = preSolution
		HideSolutionNode = FALSE
	EndGlobalSection
	GlobalSection(ExtensibilityGlobals) = postSolution
		SolutionGuid = {768BD611-4C1A-4D11-B374-E47621F40D2B}
	EndGlobalSection
EndGlobal
