
Microsoft Visual Studio Solution File, Format Version 12.00
# Visual Studio 15
VisualStudioVersion = 15.0.28307.705
MinimumVisualStudioVersion = 10.0.40219.1
Project("{FAE04EC0-301F-11D3-BF4B-00C04F79EFBC}") = "EncryptSortandPrintArray", "EncryptSortandPrintArray\EncryptSortandPrintArray.csproj", "{E63D4F90-BEA4-4BE3-B272-8831CF3A0CD7}"
EndProject
Project("{FAE04EC0-301F-11D3-BF4B-00C04F79EFBC}") = "PascalTriangle", "PascalTriangle\PascalTriangle.csproj", "{9BD18D0E-EDBD-4A17-ABFC-7E0A492E4B7D}"
EndProject
Project("{FAE04EC0-301F-11D3-BF4B-00C04F79EFBC}") = "RecursiveFibonacci", "RecursiveFibonacci\RecursiveFibonacci.csproj", "{BF6637B4-241C-4DA6-AE0D-988BDB18E047}"
EndProject
Global
	GlobalSection(SolutionConfigurationPlatforms) = preSolution
		Debug|Any CPU = Debug|Any CPU
		Release|Any CPU = Release|Any CPU
	EndGlobalSection
	GlobalSection(ProjectConfigurationPlatforms) = postSolution
		{E63D4F90-BEA4-4BE3-B272-8831CF3A0CD7}.Debug|Any CPU.ActiveCfg = Debug|Any CPU
		{E63D4F90-BEA4-4BE3-B272-8831CF3A0CD7}.Debug|Any CPU.Build.0 = Debug|Any CPU
		{E63D4F90-BEA4-4BE3-B272-8831CF3A0CD7}.Release|Any CPU.ActiveCfg = Release|Any CPU
		{E63D4F90-BEA4-4BE3-B272-8831CF3A0CD7}.Release|Any CPU.Build.0 = Release|Any CPU
		{9BD18D0E-EDBD-4A17-ABFC-7E0A492E4B7D}.Debug|Any CPU.ActiveCfg = Debug|Any CPU
		{9BD18D0E-EDBD-4A17-ABFC-7E0A492E4B7D}.Debug|Any CPU.Build.0 = Debug|Any CPU
		{9BD18D0E-EDBD-4A17-ABFC-7E0A492E4B7D}.Release|Any CPU.ActiveCfg = Release|Any CPU
		{9BD18D0E-EDBD-4A17-ABFC-7E0A492E4B7D}.Release|Any CPU.Build.0 = Release|Any CPU
		{BF6637B4-241C-4DA6-AE0D-988BDB18E047}.Debug|Any CPU.ActiveCfg = Debug|Any CPU
		{BF6637B4-241C-4DA6-AE0D-988BDB18E047}.Debug|Any CPU.Build.0 = Debug|Any CPU
		{BF6637B4-241C-4DA6-AE0D-988BDB18E047}.Release|Any CPU.ActiveCfg = Release|Any CPU
		{BF6637B4-241C-4DA6-AE0D-988BDB18E047}.Release|Any CPU.Build.0 = Release|Any CPU
	EndGlobalSection
	GlobalSection(SolutionProperties) = preSolution
		HideSolutionNode = FALSE
	EndGlobalSection
	GlobalSection(ExtensibilityGlobals) = postSolution
		SolutionGuid = {6FAF2C4A-67E9-4B44-96E6-2164F057935B}
	EndGlobalSection
EndGlobal
