
Microsoft Visual Studio Solution File, Format Version 12.00
# Visual Studio Version 16
VisualStudioVersion = 16.0.29905.134
MinimumVisualStudioVersion = 10.0.40219.1
Project("{FAE04EC0-301F-11D3-BF4B-00C04F79EFBC}") = "Polymorphism", "Polymorphism\Polymorphism.csproj", "{75496B34-9E25-414A-9449-153569A7DF87}"
EndProject
Project("{FAE04EC0-301F-11D3-BF4B-00C04F79EFBC}") = "WildFarm", "WildFarm\WildFarm.csproj", "{7C98548C-F2CA-4AC8-8FA9-B25FF87792B5}"
EndProject
Global
	GlobalSection(SolutionConfigurationPlatforms) = preSolution
		Debug|Any CPU = Debug|Any CPU
		Release|Any CPU = Release|Any CPU
	EndGlobalSection
	GlobalSection(ProjectConfigurationPlatforms) = postSolution
		{75496B34-9E25-414A-9449-153569A7DF87}.Debug|Any CPU.ActiveCfg = Debug|Any CPU
		{75496B34-9E25-414A-9449-153569A7DF87}.Debug|Any CPU.Build.0 = Debug|Any CPU
		{75496B34-9E25-414A-9449-153569A7DF87}.Release|Any CPU.ActiveCfg = Release|Any CPU
		{75496B34-9E25-414A-9449-153569A7DF87}.Release|Any CPU.Build.0 = Release|Any CPU
		{7C98548C-F2CA-4AC8-8FA9-B25FF87792B5}.Debug|Any CPU.ActiveCfg = Debug|Any CPU
		{7C98548C-F2CA-4AC8-8FA9-B25FF87792B5}.Debug|Any CPU.Build.0 = Debug|Any CPU
		{7C98548C-F2CA-4AC8-8FA9-B25FF87792B5}.Release|Any CPU.ActiveCfg = Release|Any CPU
		{7C98548C-F2CA-4AC8-8FA9-B25FF87792B5}.Release|Any CPU.Build.0 = Release|Any CPU
	EndGlobalSection
	GlobalSection(SolutionProperties) = preSolution
		HideSolutionNode = FALSE
	EndGlobalSection
	GlobalSection(ExtensibilityGlobals) = postSolution
		SolutionGuid = {31D48393-6062-4905-9D2C-042CFE801055}
	EndGlobalSection
EndGlobal
