
Microsoft Visual Studio Solution File, Format Version 12.00
# Visual Studio Version 16
VisualStudioVersion = 16.0.29709.97
MinimumVisualStudioVersion = 10.0.40219.1
Project("{FAE04EC0-301F-11D3-BF4B-00C04F79EFBC}") = "SingleInheritance", "SingleInheritance\SingleInheritance.csproj", "{088ADDCD-2B54-46C1-8A07-9E7205386389}"
EndProject
Project("{FAE04EC0-301F-11D3-BF4B-00C04F79EFBC}") = "RandomList", "RandomList\RandomList.csproj", "{D276F903-9884-428E-8D50-9084AAFDCE18}"
EndProject
Project("{FAE04EC0-301F-11D3-BF4B-00C04F79EFBC}") = "CustomStack", "CustomStack\CustomStack.csproj", "{E67F27BE-E1D6-4B1E-A36C-10DB0D5F3A85}"
EndProject
Project("{FAE04EC0-301F-11D3-BF4B-00C04F79EFBC}") = "Person", "Person\Person.csproj", "{0FEDA09E-F140-4D43-BA6A-EEA661B788A1}"
EndProject
Global
	GlobalSection(SolutionConfigurationPlatforms) = preSolution
		Debug|Any CPU = Debug|Any CPU
		Release|Any CPU = Release|Any CPU
	EndGlobalSection
	GlobalSection(ProjectConfigurationPlatforms) = postSolution
		{088ADDCD-2B54-46C1-8A07-9E7205386389}.Debug|Any CPU.ActiveCfg = Debug|Any CPU
		{088ADDCD-2B54-46C1-8A07-9E7205386389}.Debug|Any CPU.Build.0 = Debug|Any CPU
		{088ADDCD-2B54-46C1-8A07-9E7205386389}.Release|Any CPU.ActiveCfg = Release|Any CPU
		{088ADDCD-2B54-46C1-8A07-9E7205386389}.Release|Any CPU.Build.0 = Release|Any CPU
		{D276F903-9884-428E-8D50-9084AAFDCE18}.Debug|Any CPU.ActiveCfg = Debug|Any CPU
		{D276F903-9884-428E-8D50-9084AAFDCE18}.Debug|Any CPU.Build.0 = Debug|Any CPU
		{D276F903-9884-428E-8D50-9084AAFDCE18}.Release|Any CPU.ActiveCfg = Release|Any CPU
		{D276F903-9884-428E-8D50-9084AAFDCE18}.Release|Any CPU.Build.0 = Release|Any CPU
		{E67F27BE-E1D6-4B1E-A36C-10DB0D5F3A85}.Debug|Any CPU.ActiveCfg = Debug|Any CPU
		{E67F27BE-E1D6-4B1E-A36C-10DB0D5F3A85}.Debug|Any CPU.Build.0 = Debug|Any CPU
		{E67F27BE-E1D6-4B1E-A36C-10DB0D5F3A85}.Release|Any CPU.ActiveCfg = Release|Any CPU
		{E67F27BE-E1D6-4B1E-A36C-10DB0D5F3A85}.Release|Any CPU.Build.0 = Release|Any CPU
		{0FEDA09E-F140-4D43-BA6A-EEA661B788A1}.Debug|Any CPU.ActiveCfg = Debug|Any CPU
		{0FEDA09E-F140-4D43-BA6A-EEA661B788A1}.Debug|Any CPU.Build.0 = Debug|Any CPU
		{0FEDA09E-F140-4D43-BA6A-EEA661B788A1}.Release|Any CPU.ActiveCfg = Release|Any CPU
		{0FEDA09E-F140-4D43-BA6A-EEA661B788A1}.Release|Any CPU.Build.0 = Release|Any CPU
	EndGlobalSection
	GlobalSection(SolutionProperties) = preSolution
		HideSolutionNode = FALSE
	EndGlobalSection
	GlobalSection(ExtensibilityGlobals) = postSolution
		SolutionGuid = {E11C6B84-902B-4A6D-853A-A66C022B896B}
	EndGlobalSection
EndGlobal
