
Microsoft Visual Studio Solution File, Format Version 12.00
# Visual Studio Version 16
VisualStudioVersion = 16.0.29709.97
MinimumVisualStudioVersion = 10.0.40219.1
Project("{9A19103F-16F7-4668-BE54-9A1E7A4F7556}") = "DefiningClasses", "DefiningClasses\DefiningClasses.csproj", "{C3CAB62C-DC5F-4DCF-ABB0-8F6FB8F1C614}"
EndProject
Project("{9A19103F-16F7-4668-BE54-9A1E7A4F7556}") = "SpeedRacing", "SpeedRacing\SpeedRacing.csproj", "{14D33418-81D3-4BB2-89C9-A4E9CBC98DDC}"
EndProject
Project("{9A19103F-16F7-4668-BE54-9A1E7A4F7556}") = "DateModifier", "DateModifier\DateModifier.csproj", "{F68548A8-4CEA-408B-98E2-B0AC6A6E5CD1}"
EndProject
Project("{9A19103F-16F7-4668-BE54-9A1E7A4F7556}") = "CarSalesman", "CarSalesman\CarSalesman.csproj", "{7B2CB6C2-363E-42A6-8995-BC5B2B053F8F}"
EndProject
Project("{9A19103F-16F7-4668-BE54-9A1E7A4F7556}") = "PokemonTrainer", "PokemonTrainer\PokemonTrainer.csproj", "{95238966-14B5-4C6E-B1EE-5D188B7EFD51}"
EndProject
Project("{9A19103F-16F7-4668-BE54-9A1E7A4F7556}") = "SoftUniParking", "SoftUniParking\SoftUniParking.csproj", "{BE2793E0-D36D-441A-9663-A069022EC878}"
EndProject
Global
	GlobalSection(SolutionConfigurationPlatforms) = preSolution
		Debug|Any CPU = Debug|Any CPU
		Release|Any CPU = Release|Any CPU
	EndGlobalSection
	GlobalSection(ProjectConfigurationPlatforms) = postSolution
		{C3CAB62C-DC5F-4DCF-ABB0-8F6FB8F1C614}.Debug|Any CPU.ActiveCfg = Debug|Any CPU
		{C3CAB62C-DC5F-4DCF-ABB0-8F6FB8F1C614}.Debug|Any CPU.Build.0 = Debug|Any CPU
		{C3CAB62C-DC5F-4DCF-ABB0-8F6FB8F1C614}.Release|Any CPU.ActiveCfg = Release|Any CPU
		{C3CAB62C-DC5F-4DCF-ABB0-8F6FB8F1C614}.Release|Any CPU.Build.0 = Release|Any CPU
		{14D33418-81D3-4BB2-89C9-A4E9CBC98DDC}.Debug|Any CPU.ActiveCfg = Debug|Any CPU
		{14D33418-81D3-4BB2-89C9-A4E9CBC98DDC}.Debug|Any CPU.Build.0 = Debug|Any CPU
		{14D33418-81D3-4BB2-89C9-A4E9CBC98DDC}.Release|Any CPU.ActiveCfg = Release|Any CPU
		{14D33418-81D3-4BB2-89C9-A4E9CBC98DDC}.Release|Any CPU.Build.0 = Release|Any CPU
		{F68548A8-4CEA-408B-98E2-B0AC6A6E5CD1}.Debug|Any CPU.ActiveCfg = Debug|Any CPU
		{F68548A8-4CEA-408B-98E2-B0AC6A6E5CD1}.Debug|Any CPU.Build.0 = Debug|Any CPU
		{F68548A8-4CEA-408B-98E2-B0AC6A6E5CD1}.Release|Any CPU.ActiveCfg = Release|Any CPU
		{F68548A8-4CEA-408B-98E2-B0AC6A6E5CD1}.Release|Any CPU.Build.0 = Release|Any CPU
		{7B2CB6C2-363E-42A6-8995-BC5B2B053F8F}.Debug|Any CPU.ActiveCfg = Debug|Any CPU
		{7B2CB6C2-363E-42A6-8995-BC5B2B053F8F}.Debug|Any CPU.Build.0 = Debug|Any CPU
		{7B2CB6C2-363E-42A6-8995-BC5B2B053F8F}.Release|Any CPU.ActiveCfg = Release|Any CPU
		{7B2CB6C2-363E-42A6-8995-BC5B2B053F8F}.Release|Any CPU.Build.0 = Release|Any CPU
		{95238966-14B5-4C6E-B1EE-5D188B7EFD51}.Debug|Any CPU.ActiveCfg = Debug|Any CPU
		{95238966-14B5-4C6E-B1EE-5D188B7EFD51}.Debug|Any CPU.Build.0 = Debug|Any CPU
		{95238966-14B5-4C6E-B1EE-5D188B7EFD51}.Release|Any CPU.ActiveCfg = Release|Any CPU
		{95238966-14B5-4C6E-B1EE-5D188B7EFD51}.Release|Any CPU.Build.0 = Release|Any CPU
		{BE2793E0-D36D-441A-9663-A069022EC878}.Debug|Any CPU.ActiveCfg = Debug|Any CPU
		{BE2793E0-D36D-441A-9663-A069022EC878}.Debug|Any CPU.Build.0 = Debug|Any CPU
		{BE2793E0-D36D-441A-9663-A069022EC878}.Release|Any CPU.ActiveCfg = Release|Any CPU
		{BE2793E0-D36D-441A-9663-A069022EC878}.Release|Any CPU.Build.0 = Release|Any CPU
	EndGlobalSection
	GlobalSection(SolutionProperties) = preSolution
		HideSolutionNode = FALSE
	EndGlobalSection
	GlobalSection(ExtensibilityGlobals) = postSolution
		SolutionGuid = {D6F2E351-7BCE-4FBE-A91D-AC4091851FF7}
	EndGlobalSection
EndGlobal
