
Microsoft Visual Studio Solution File, Format Version 12.00
# Visual Studio 15
VisualStudioVersion = 15.0.28307.572
MinimumVisualStudioVersion = 10.0.40219.1
Project("{9A19103F-16F7-4668-BE54-9A1E7A4F7556}") = "Pb May For Loop", "Pb May For Loop\Pb May For Loop.csproj", "{D2973B5A-F747-49BB-B331-2B600BF96D61}"
EndProject
Project("{9A19103F-16F7-4668-BE54-9A1E7A4F7556}") = "Left and Right Sum", "Left and Right Sum\Left and Right Sum.csproj", "{0D1E6331-20E8-4113-B751-56355CA78ADE}"
EndProject
Project("{9A19103F-16F7-4668-BE54-9A1E7A4F7556}") = "Odd Even Sum", "Odd Even Sum\Odd Even Sum.csproj", "{BB382727-A327-46A3-B071-1A72D88C7F3D}"
EndProject
Project("{9A19103F-16F7-4668-BE54-9A1E7A4F7556}") = "Vowels Sum", "Vowels Sum\Vowels Sum.csproj", "{306BA591-4C9F-4374-B8B1-4EB3B5B0BA0C}"
EndProject
Project("{9A19103F-16F7-4668-BE54-9A1E7A4F7556}") = "Clever Lily", "Clever Lily\Clever Lily.csproj", "{64085A88-F0C3-4173-B7A7-73B4FB61D2A6}"
EndProject
Project("{FAE04EC0-301F-11D3-BF4B-00C04F79EFBC}") = "Num1To100", "Num1To100\Num1To100.csproj", "{71B8D122-E4C6-4C2B-8036-508A6D864D88}"
EndProject
Project("{FAE04EC0-301F-11D3-BF4B-00C04F79EFBC}") = "LatinLetters", "LatinLetters\LatinLetters.csproj", "{0AEB2029-F08E-4B19-B396-B7258C7038B2}"
EndProject
Project("{FAE04EC0-301F-11D3-BF4B-00C04F79EFBC}") = "SumNumbers", "SumNumbers\SumNumbers.csproj", "{3B868C72-FAFC-4375-AA40-A42F5748953C}"
EndProject
Global
	GlobalSection(SolutionConfigurationPlatforms) = preSolution
		Debug|Any CPU = Debug|Any CPU
		Release|Any CPU = Release|Any CPU
	EndGlobalSection
	GlobalSection(ProjectConfigurationPlatforms) = postSolution
		{D2973B5A-F747-49BB-B331-2B600BF96D61}.Debug|Any CPU.ActiveCfg = Debug|Any CPU
		{D2973B5A-F747-49BB-B331-2B600BF96D61}.Debug|Any CPU.Build.0 = Debug|Any CPU
		{D2973B5A-F747-49BB-B331-2B600BF96D61}.Release|Any CPU.ActiveCfg = Release|Any CPU
		{D2973B5A-F747-49BB-B331-2B600BF96D61}.Release|Any CPU.Build.0 = Release|Any CPU
		{0D1E6331-20E8-4113-B751-56355CA78ADE}.Debug|Any CPU.ActiveCfg = Debug|Any CPU
		{0D1E6331-20E8-4113-B751-56355CA78ADE}.Debug|Any CPU.Build.0 = Debug|Any CPU
		{0D1E6331-20E8-4113-B751-56355CA78ADE}.Release|Any CPU.ActiveCfg = Release|Any CPU
		{0D1E6331-20E8-4113-B751-56355CA78ADE}.Release|Any CPU.Build.0 = Release|Any CPU
		{BB382727-A327-46A3-B071-1A72D88C7F3D}.Debug|Any CPU.ActiveCfg = Debug|Any CPU
		{BB382727-A327-46A3-B071-1A72D88C7F3D}.Debug|Any CPU.Build.0 = Debug|Any CPU
		{BB382727-A327-46A3-B071-1A72D88C7F3D}.Release|Any CPU.ActiveCfg = Release|Any CPU
		{BB382727-A327-46A3-B071-1A72D88C7F3D}.Release|Any CPU.Build.0 = Release|Any CPU
		{306BA591-4C9F-4374-B8B1-4EB3B5B0BA0C}.Debug|Any CPU.ActiveCfg = Debug|Any CPU
		{306BA591-4C9F-4374-B8B1-4EB3B5B0BA0C}.Debug|Any CPU.Build.0 = Debug|Any CPU
		{306BA591-4C9F-4374-B8B1-4EB3B5B0BA0C}.Release|Any CPU.ActiveCfg = Release|Any CPU
		{306BA591-4C9F-4374-B8B1-4EB3B5B0BA0C}.Release|Any CPU.Build.0 = Release|Any CPU
		{64085A88-F0C3-4173-B7A7-73B4FB61D2A6}.Debug|Any CPU.ActiveCfg = Debug|Any CPU
		{64085A88-F0C3-4173-B7A7-73B4FB61D2A6}.Debug|Any CPU.Build.0 = Debug|Any CPU
		{64085A88-F0C3-4173-B7A7-73B4FB61D2A6}.Release|Any CPU.ActiveCfg = Release|Any CPU
		{64085A88-F0C3-4173-B7A7-73B4FB61D2A6}.Release|Any CPU.Build.0 = Release|Any CPU
		{71B8D122-E4C6-4C2B-8036-508A6D864D88}.Debug|Any CPU.ActiveCfg = Debug|Any CPU
		{71B8D122-E4C6-4C2B-8036-508A6D864D88}.Debug|Any CPU.Build.0 = Debug|Any CPU
		{71B8D122-E4C6-4C2B-8036-508A6D864D88}.Release|Any CPU.ActiveCfg = Release|Any CPU
		{71B8D122-E4C6-4C2B-8036-508A6D864D88}.Release|Any CPU.Build.0 = Release|Any CPU
		{0AEB2029-F08E-4B19-B396-B7258C7038B2}.Debug|Any CPU.ActiveCfg = Debug|Any CPU
		{0AEB2029-F08E-4B19-B396-B7258C7038B2}.Debug|Any CPU.Build.0 = Debug|Any CPU
		{0AEB2029-F08E-4B19-B396-B7258C7038B2}.Release|Any CPU.ActiveCfg = Release|Any CPU
		{0AEB2029-F08E-4B19-B396-B7258C7038B2}.Release|Any CPU.Build.0 = Release|Any CPU
		{3B868C72-FAFC-4375-AA40-A42F5748953C}.Debug|Any CPU.ActiveCfg = Debug|Any CPU
		{3B868C72-FAFC-4375-AA40-A42F5748953C}.Debug|Any CPU.Build.0 = Debug|Any CPU
		{3B868C72-FAFC-4375-AA40-A42F5748953C}.Release|Any CPU.ActiveCfg = Release|Any CPU
		{3B868C72-FAFC-4375-AA40-A42F5748953C}.Release|Any CPU.Build.0 = Release|Any CPU
	EndGlobalSection
	GlobalSection(SolutionProperties) = preSolution
		HideSolutionNode = FALSE
	EndGlobalSection
	GlobalSection(ExtensibilityGlobals) = postSolution
		SolutionGuid = {5537DC51-0DB9-4BAF-9645-9B972C92C636}
	EndGlobalSection
EndGlobal
