
Microsoft Visual Studio Solution File, Format Version 12.00
# Visual Studio 15
VisualStudioVersion = 15.0.28307.572
MinimumVisualStudioVersion = 10.0.40219.1
Project("{FAE04EC0-301F-11D3-BF4B-00C04F79EFBC}") = "OscarsCeremony", "PBOnlineExam6and7April2019\OscarsCeremony.csproj", "{3F3127F3-B5F1-4E1D-A376-79F3061DB6E7}"
EndProject
Project("{FAE04EC0-301F-11D3-BF4B-00C04F79EFBC}") = "Godzillavs.Kong", "Godzillavs.Kong\Godzillavs.Kong.csproj", "{670B2F6E-B27F-424B-9E2C-48389B864D85}"
EndProject
Project("{FAE04EC0-301F-11D3-BF4B-00C04F79EFBC}") = "Oscarsweekincinema", "Oscarsweekincinema\Oscarsweekincinema.csproj", "{03CEC1A1-FC17-457F-9B9B-918194F7FACE}"
EndProject
Project("{FAE04EC0-301F-11D3-BF4B-00C04F79EFBC}") = "CinemaVoucher", "CinemaVoucher\CinemaVoucher.csproj", "{09930A26-7FB0-4FEE-98B3-DACCBBC2E979}"
EndProject
Project("{FAE04EC0-301F-11D3-BF4B-00C04F79EFBC}") = "MovieRatings", "MovieRatings\MovieRatings.csproj", "{8FF7A23C-412B-4EB6-BBE1-7365A56FDFB3}"
EndProject
Project("{FAE04EC0-301F-11D3-BF4B-00C04F79EFBC}") = "CinemaTickets", "CinemaTickets\CinemaTickets.csproj", "{C269FEBE-0739-4897-A3E6-C49021E6B47D}"
EndProject
Global
	GlobalSection(SolutionConfigurationPlatforms) = preSolution
		Debug|Any CPU = Debug|Any CPU
		Release|Any CPU = Release|Any CPU
	EndGlobalSection
	GlobalSection(ProjectConfigurationPlatforms) = postSolution
		{3F3127F3-B5F1-4E1D-A376-79F3061DB6E7}.Debug|Any CPU.ActiveCfg = Debug|Any CPU
		{3F3127F3-B5F1-4E1D-A376-79F3061DB6E7}.Debug|Any CPU.Build.0 = Debug|Any CPU
		{3F3127F3-B5F1-4E1D-A376-79F3061DB6E7}.Release|Any CPU.ActiveCfg = Release|Any CPU
		{3F3127F3-B5F1-4E1D-A376-79F3061DB6E7}.Release|Any CPU.Build.0 = Release|Any CPU
		{670B2F6E-B27F-424B-9E2C-48389B864D85}.Debug|Any CPU.ActiveCfg = Debug|Any CPU
		{670B2F6E-B27F-424B-9E2C-48389B864D85}.Debug|Any CPU.Build.0 = Debug|Any CPU
		{670B2F6E-B27F-424B-9E2C-48389B864D85}.Release|Any CPU.ActiveCfg = Release|Any CPU
		{670B2F6E-B27F-424B-9E2C-48389B864D85}.Release|Any CPU.Build.0 = Release|Any CPU
		{03CEC1A1-FC17-457F-9B9B-918194F7FACE}.Debug|Any CPU.ActiveCfg = Debug|Any CPU
		{03CEC1A1-FC17-457F-9B9B-918194F7FACE}.Debug|Any CPU.Build.0 = Debug|Any CPU
		{03CEC1A1-FC17-457F-9B9B-918194F7FACE}.Release|Any CPU.ActiveCfg = Release|Any CPU
		{03CEC1A1-FC17-457F-9B9B-918194F7FACE}.Release|Any CPU.Build.0 = Release|Any CPU
		{09930A26-7FB0-4FEE-98B3-DACCBBC2E979}.Debug|Any CPU.ActiveCfg = Debug|Any CPU
		{09930A26-7FB0-4FEE-98B3-DACCBBC2E979}.Debug|Any CPU.Build.0 = Debug|Any CPU
		{09930A26-7FB0-4FEE-98B3-DACCBBC2E979}.Release|Any CPU.ActiveCfg = Release|Any CPU
		{09930A26-7FB0-4FEE-98B3-DACCBBC2E979}.Release|Any CPU.Build.0 = Release|Any CPU
		{8FF7A23C-412B-4EB6-BBE1-7365A56FDFB3}.Debug|Any CPU.ActiveCfg = Debug|Any CPU
		{8FF7A23C-412B-4EB6-BBE1-7365A56FDFB3}.Debug|Any CPU.Build.0 = Debug|Any CPU
		{8FF7A23C-412B-4EB6-BBE1-7365A56FDFB3}.Release|Any CPU.ActiveCfg = Release|Any CPU
		{8FF7A23C-412B-4EB6-BBE1-7365A56FDFB3}.Release|Any CPU.Build.0 = Release|Any CPU
		{C269FEBE-0739-4897-A3E6-C49021E6B47D}.Debug|Any CPU.ActiveCfg = Debug|Any CPU
		{C269FEBE-0739-4897-A3E6-C49021E6B47D}.Debug|Any CPU.Build.0 = Debug|Any CPU
		{C269FEBE-0739-4897-A3E6-C49021E6B47D}.Release|Any CPU.ActiveCfg = Release|Any CPU
		{C269FEBE-0739-4897-A3E6-C49021E6B47D}.Release|Any CPU.Build.0 = Release|Any CPU
	EndGlobalSection
	GlobalSection(SolutionProperties) = preSolution
		HideSolutionNode = FALSE
	EndGlobalSection
	GlobalSection(ExtensibilityGlobals) = postSolution
		SolutionGuid = {C4960DBD-5776-40B7-8E5F-C3AB70E8EE3B}
	EndGlobalSection
EndGlobal
