
Microsoft Visual Studio Solution File, Format Version 12.00
# Visual Studio Version 16
VisualStudioVersion = 16.0.31025.194
MinimumVisualStudioVersion = 10.0.40219.1
Project("{9A19103F-16F7-4668-BE54-9A1E7A4F7556}") = "WebScraprerTests", "WebScraprerTests\WebScraprerTests.csproj", "{96127EF9-DEFD-4C39-90D0-453C7CCBEEDC}"
EndProject
Project("{9A19103F-16F7-4668-BE54-9A1E7A4F7556}") = "SpinWords", "..\SpinWords\SpinWords.csproj", "{F82E7105-90E1-4BB2-B26D-E83212AFED7E}"
EndProject
Project("{9A19103F-16F7-4668-BE54-9A1E7A4F7556}") = "SpinWords.Tests", "SpinWords.Tests\SpinWords.Tests.csproj", "{106BE060-791E-48F6-9AC2-691165B51957}"
EndProject
Project("{FAE04EC0-301F-11D3-BF4B-00C04F79EFBC}") = "LeftRotation", "LeftRotation\LeftRotation.csproj", "{03739154-5B8D-407D-B0E2-D667A658E1C1}"
EndProject
Global
	GlobalSection(SolutionConfigurationPlatforms) = preSolution
		Debug|Any CPU = Debug|Any CPU
		Release|Any CPU = Release|Any CPU
	EndGlobalSection
	GlobalSection(ProjectConfigurationPlatforms) = postSolution
		{96127EF9-DEFD-4C39-90D0-453C7CCBEEDC}.Debug|Any CPU.ActiveCfg = Debug|Any CPU
		{96127EF9-DEFD-4C39-90D0-453C7CCBEEDC}.Debug|Any CPU.Build.0 = Debug|Any CPU
		{96127EF9-DEFD-4C39-90D0-453C7CCBEEDC}.Release|Any CPU.ActiveCfg = Release|Any CPU
		{96127EF9-DEFD-4C39-90D0-453C7CCBEEDC}.Release|Any CPU.Build.0 = Release|Any CPU
		{F82E7105-90E1-4BB2-B26D-E83212AFED7E}.Debug|Any CPU.ActiveCfg = Debug|Any CPU
		{F82E7105-90E1-4BB2-B26D-E83212AFED7E}.Debug|Any CPU.Build.0 = Debug|Any CPU
		{F82E7105-90E1-4BB2-B26D-E83212AFED7E}.Release|Any CPU.ActiveCfg = Release|Any CPU
		{F82E7105-90E1-4BB2-B26D-E83212AFED7E}.Release|Any CPU.Build.0 = Release|Any CPU
		{106BE060-791E-48F6-9AC2-691165B51957}.Debug|Any CPU.ActiveCfg = Debug|Any CPU
		{106BE060-791E-48F6-9AC2-691165B51957}.Debug|Any CPU.Build.0 = Debug|Any CPU
		{106BE060-791E-48F6-9AC2-691165B51957}.Release|Any CPU.ActiveCfg = Release|Any CPU
		{106BE060-791E-48F6-9AC2-691165B51957}.Release|Any CPU.Build.0 = Release|Any CPU
		{03739154-5B8D-407D-B0E2-D667A658E1C1}.Debug|Any CPU.ActiveCfg = Debug|Any CPU
		{03739154-5B8D-407D-B0E2-D667A658E1C1}.Debug|Any CPU.Build.0 = Debug|Any CPU
		{03739154-5B8D-407D-B0E2-D667A658E1C1}.Release|Any CPU.ActiveCfg = Release|Any CPU
		{03739154-5B8D-407D-B0E2-D667A658E1C1}.Release|Any CPU.Build.0 = Release|Any CPU
	EndGlobalSection
	GlobalSection(SolutionProperties) = preSolution
		HideSolutionNode = FALSE
	EndGlobalSection
	GlobalSection(ExtensibilityGlobals) = postSolution
		SolutionGuid = {E6B0953A-65EC-4FE9-83D6-206AA95D26A6}
	EndGlobalSection
EndGlobal
