
Microsoft Visual Studio Solution File, Format Version 12.00
# Visual Studio 15
VisualStudioVersion = 15.0.28307.572
MinimumVisualStudioVersion = 10.0.40219.1
Project("{FAE04EC0-301F-11D3-BF4B-00C04F79EFBC}") = "HelloSoftuni", "HelloSoftuni\HelloSoftuni.csproj", "{AA5AC261-4DA0-47F7-B432-0C9BCB0F90CA}"
EndProject
Global
	GlobalSection(SolutionConfigurationPlatforms) = preSolution
		Debug|Any CPU = Debug|Any CPU
		Release|Any CPU = Release|Any CPU
	EndGlobalSection
	GlobalSection(ProjectConfigurationPlatforms) = postSolution
		{AA5AC261-4DA0-47F7-B432-0C9BCB0F90CA}.Debug|Any CPU.ActiveCfg = Debug|Any CPU
		{AA5AC261-4DA0-47F7-B432-0C9BCB0F90CA}.Debug|Any CPU.Build.0 = Debug|Any CPU
		{AA5AC261-4DA0-47F7-B432-0C9BCB0F90CA}.Release|Any CPU.ActiveCfg = Release|Any CPU
		{AA5AC261-4DA0-47F7-B432-0C9BCB0F90CA}.Release|Any CPU.Build.0 = Release|Any CPU
	EndGlobalSection
	GlobalSection(SolutionProperties) = preSolution
		HideSolutionNode = FALSE
	EndGlobalSection
	GlobalSection(ExtensibilityGlobals) = postSolution
		SolutionGuid = {86620300-44CB-4AA6-B0AE-06220C3BE4B5}
	EndGlobalSection
EndGlobal
