
Microsoft Visual Studio Solution File, Format Version 12.00
# Visual Studio Version 16
VisualStudioVersion = 16.0.29509.3
MinimumVisualStudioVersion = 10.0.40219.1
Project("{9A19103F-16F7-4668-BE54-9A1E7A4F7556}") = "ExamPrep", "ExamPrep\ExamPrep.csproj", "{DAF0D099-3B8E-4681-9E60-7A37046DAEA2}"
EndProject
Project("{9A19103F-16F7-4668-BE54-9A1E7A4F7556}") = "Password", "Password\Password.csproj", "{685414E7-6757-4BB2-9412-A99152C324E8}"
EndProject
Project("{9A19103F-16F7-4668-BE54-9A1E7A4F7556}") = "StringManipulator", "StringManipulator\StringManipulator.csproj", "{97F9C44D-DFF2-4674-BF20-6170009A2827}"
EndProject
Project("{9A19103F-16F7-4668-BE54-9A1E7A4F7556}") = "MessageDecrypter", "MessageDecrypter\MessageDecrypter.csproj", "{D114B8A0-B79F-4294-B7B6-BA27288F55DE}"
EndProject
Project("{9A19103F-16F7-4668-BE54-9A1E7A4F7556}") = "MessagesManager", "MessagesManager\MessagesManager.csproj", "{9B70887E-C709-4433-8211-5F7A280CB323}"
EndProject
Project("{FAE04EC0-301F-11D3-BF4B-00C04F79EFBC}") = "TEsts", "TEsts\TEsts.csproj", "{D5A99984-EFFD-4C45-BA3B-01EF5D8FAD7F}"
EndProject
Global
	GlobalSection(SolutionConfigurationPlatforms) = preSolution
		Debug|Any CPU = Debug|Any CPU
		Release|Any CPU = Release|Any CPU
	EndGlobalSection
	GlobalSection(ProjectConfigurationPlatforms) = postSolution
		{DAF0D099-3B8E-4681-9E60-7A37046DAEA2}.Debug|Any CPU.ActiveCfg = Debug|Any CPU
		{DAF0D099-3B8E-4681-9E60-7A37046DAEA2}.Debug|Any CPU.Build.0 = Debug|Any CPU
		{DAF0D099-3B8E-4681-9E60-7A37046DAEA2}.Release|Any CPU.ActiveCfg = Release|Any CPU
		{DAF0D099-3B8E-4681-9E60-7A37046DAEA2}.Release|Any CPU.Build.0 = Release|Any CPU
		{685414E7-6757-4BB2-9412-A99152C324E8}.Debug|Any CPU.ActiveCfg = Debug|Any CPU
		{685414E7-6757-4BB2-9412-A99152C324E8}.Debug|Any CPU.Build.0 = Debug|Any CPU
		{685414E7-6757-4BB2-9412-A99152C324E8}.Release|Any CPU.ActiveCfg = Release|Any CPU
		{685414E7-6757-4BB2-9412-A99152C324E8}.Release|Any CPU.Build.0 = Release|Any CPU
		{97F9C44D-DFF2-4674-BF20-6170009A2827}.Debug|Any CPU.ActiveCfg = Debug|Any CPU
		{97F9C44D-DFF2-4674-BF20-6170009A2827}.Debug|Any CPU.Build.0 = Debug|Any CPU
		{97F9C44D-DFF2-4674-BF20-6170009A2827}.Release|Any CPU.ActiveCfg = Release|Any CPU
		{97F9C44D-DFF2-4674-BF20-6170009A2827}.Release|Any CPU.Build.0 = Release|Any CPU
		{D114B8A0-B79F-4294-B7B6-BA27288F55DE}.Debug|Any CPU.ActiveCfg = Debug|Any CPU
		{D114B8A0-B79F-4294-B7B6-BA27288F55DE}.Debug|Any CPU.Build.0 = Debug|Any CPU
		{D114B8A0-B79F-4294-B7B6-BA27288F55DE}.Release|Any CPU.ActiveCfg = Release|Any CPU
		{D114B8A0-B79F-4294-B7B6-BA27288F55DE}.Release|Any CPU.Build.0 = Release|Any CPU
		{9B70887E-C709-4433-8211-5F7A280CB323}.Debug|Any CPU.ActiveCfg = Debug|Any CPU
		{9B70887E-C709-4433-8211-5F7A280CB323}.Debug|Any CPU.Build.0 = Debug|Any CPU
		{9B70887E-C709-4433-8211-5F7A280CB323}.Release|Any CPU.ActiveCfg = Release|Any CPU
		{9B70887E-C709-4433-8211-5F7A280CB323}.Release|Any CPU.Build.0 = Release|Any CPU
		{D5A99984-EFFD-4C45-BA3B-01EF5D8FAD7F}.Debug|Any CPU.ActiveCfg = Debug|Any CPU
		{D5A99984-EFFD-4C45-BA3B-01EF5D8FAD7F}.Debug|Any CPU.Build.0 = Debug|Any CPU
		{D5A99984-EFFD-4C45-BA3B-01EF5D8FAD7F}.Release|Any CPU.ActiveCfg = Release|Any CPU
		{D5A99984-EFFD-4C45-BA3B-01EF5D8FAD7F}.Release|Any CPU.Build.0 = Release|Any CPU
	EndGlobalSection
	GlobalSection(SolutionProperties) = preSolution
		HideSolutionNode = FALSE
	EndGlobalSection
	GlobalSection(ExtensibilityGlobals) = postSolution
		SolutionGuid = {43A16038-0B9B-4EF9-84BD-EAF7380FC5EA}
	EndGlobalSection
EndGlobal
