
Microsoft Visual Studio Solution File, Format Version 12.00
# Visual Studio Version 16
VisualStudioVersion = 16.0.29326.143
MinimumVisualStudioVersion = 10.0.40219.1
Project("{FAE04EC0-301F-11D3-BF4B-00C04F79EFBC}") = "MethodsFunctions", "MethodsFunctions\MethodsFunctions.csproj", "{A27C3D21-DEA2-43F2-AAAF-F771231C8F96}"
EndProject
Project("{FAE04EC0-301F-11D3-BF4B-00C04F79EFBC}") = "SignofIntegerNumbers", "SignofIntegerNumbers\SignofIntegerNumbers.csproj", "{AEDA19EC-9757-4878-9B50-2258DB6A68CE}"
EndProject
Project("{FAE04EC0-301F-11D3-BF4B-00C04F79EFBC}") = "Calculations", "Calculations\Calculations.csproj", "{101ECBD9-14DB-48B2-B229-54641A2FC269}"
EndProject
Project("{FAE04EC0-301F-11D3-BF4B-00C04F79EFBC}") = "PrintingTriangle", "PrintingTriangle\PrintingTriangle.csproj", "{C21E0E26-C95E-4750-85A1-D2884695EFE8}"
EndProject
Project("{FAE04EC0-301F-11D3-BF4B-00C04F79EFBC}") = "Orders", "Orders\Orders.csproj", "{2061BC3D-D170-4938-AC40-9975DFE69593}"
EndProject
Project("{FAE04EC0-301F-11D3-BF4B-00C04F79EFBC}") = "CalculateRectangleArea", "CalculateRectangleArea\CalculateRectangleArea.csproj", "{69E32D0D-C39C-47C7-9DF4-4AC9C49FE59C}"
EndProject
Project("{FAE04EC0-301F-11D3-BF4B-00C04F79EFBC}") = "RepeatString", "RepeatString\RepeatString.csproj", "{5783D0CD-E800-4BAB-886E-8270C6312224}"
EndProject
Project("{FAE04EC0-301F-11D3-BF4B-00C04F79EFBC}") = "MathPower", "MathPower\MathPower.csproj", "{4BF22299-C953-409C-B062-0DA81834D561}"
EndProject
Global
	GlobalSection(SolutionConfigurationPlatforms) = preSolution
		Debug|Any CPU = Debug|Any CPU
		Release|Any CPU = Release|Any CPU
	EndGlobalSection
	GlobalSection(ProjectConfigurationPlatforms) = postSolution
		{A27C3D21-DEA2-43F2-AAAF-F771231C8F96}.Debug|Any CPU.ActiveCfg = Debug|Any CPU
		{A27C3D21-DEA2-43F2-AAAF-F771231C8F96}.Debug|Any CPU.Build.0 = Debug|Any CPU
		{A27C3D21-DEA2-43F2-AAAF-F771231C8F96}.Release|Any CPU.ActiveCfg = Release|Any CPU
		{A27C3D21-DEA2-43F2-AAAF-F771231C8F96}.Release|Any CPU.Build.0 = Release|Any CPU
		{AEDA19EC-9757-4878-9B50-2258DB6A68CE}.Debug|Any CPU.ActiveCfg = Debug|Any CPU
		{AEDA19EC-9757-4878-9B50-2258DB6A68CE}.Debug|Any CPU.Build.0 = Debug|Any CPU
		{AEDA19EC-9757-4878-9B50-2258DB6A68CE}.Release|Any CPU.ActiveCfg = Release|Any CPU
		{AEDA19EC-9757-4878-9B50-2258DB6A68CE}.Release|Any CPU.Build.0 = Release|Any CPU
		{101ECBD9-14DB-48B2-B229-54641A2FC269}.Debug|Any CPU.ActiveCfg = Debug|Any CPU
		{101ECBD9-14DB-48B2-B229-54641A2FC269}.Debug|Any CPU.Build.0 = Debug|Any CPU
		{101ECBD9-14DB-48B2-B229-54641A2FC269}.Release|Any CPU.ActiveCfg = Release|Any CPU
		{101ECBD9-14DB-48B2-B229-54641A2FC269}.Release|Any CPU.Build.0 = Release|Any CPU
		{C21E0E26-C95E-4750-85A1-D2884695EFE8}.Debug|Any CPU.ActiveCfg = Debug|Any CPU
		{C21E0E26-C95E-4750-85A1-D2884695EFE8}.Debug|Any CPU.Build.0 = Debug|Any CPU
		{C21E0E26-C95E-4750-85A1-D2884695EFE8}.Release|Any CPU.ActiveCfg = Release|Any CPU
		{C21E0E26-C95E-4750-85A1-D2884695EFE8}.Release|Any CPU.Build.0 = Release|Any CPU
		{2061BC3D-D170-4938-AC40-9975DFE69593}.Debug|Any CPU.ActiveCfg = Debug|Any CPU
		{2061BC3D-D170-4938-AC40-9975DFE69593}.Debug|Any CPU.Build.0 = Debug|Any CPU
		{2061BC3D-D170-4938-AC40-9975DFE69593}.Release|Any CPU.ActiveCfg = Release|Any CPU
		{2061BC3D-D170-4938-AC40-9975DFE69593}.Release|Any CPU.Build.0 = Release|Any CPU
		{69E32D0D-C39C-47C7-9DF4-4AC9C49FE59C}.Debug|Any CPU.ActiveCfg = Debug|Any CPU
		{69E32D0D-C39C-47C7-9DF4-4AC9C49FE59C}.Debug|Any CPU.Build.0 = Debug|Any CPU
		{69E32D0D-C39C-47C7-9DF4-4AC9C49FE59C}.Release|Any CPU.ActiveCfg = Release|Any CPU
		{69E32D0D-C39C-47C7-9DF4-4AC9C49FE59C}.Release|Any CPU.Build.0 = Release|Any CPU
		{5783D0CD-E800-4BAB-886E-8270C6312224}.Debug|Any CPU.ActiveCfg = Debug|Any CPU
		{5783D0CD-E800-4BAB-886E-8270C6312224}.Debug|Any CPU.Build.0 = Debug|Any CPU
		{5783D0CD-E800-4BAB-886E-8270C6312224}.Release|Any CPU.ActiveCfg = Release|Any CPU
		{5783D0CD-E800-4BAB-886E-8270C6312224}.Release|Any CPU.Build.0 = Release|Any CPU
		{4BF22299-C953-409C-B062-0DA81834D561}.Debug|Any CPU.ActiveCfg = Debug|Any CPU
		{4BF22299-C953-409C-B062-0DA81834D561}.Debug|Any CPU.Build.0 = Debug|Any CPU
		{4BF22299-C953-409C-B062-0DA81834D561}.Release|Any CPU.ActiveCfg = Release|Any CPU
		{4BF22299-C953-409C-B062-0DA81834D561}.Release|Any CPU.Build.0 = Release|Any CPU
	EndGlobalSection
	GlobalSection(SolutionProperties) = preSolution
		HideSolutionNode = FALSE
	EndGlobalSection
	GlobalSection(ExtensibilityGlobals) = postSolution
		SolutionGuid = {8E0B12AB-3949-4A90-BCEE-EABE7E237F07}
	EndGlobalSection
EndGlobal
