
Microsoft Visual Studio Solution File, Format Version 12.00
# Visual Studio Version 16
VisualStudioVersion = 16.0.29709.97
MinimumVisualStudioVersion = 10.0.40219.1
Project("{FAE04EC0-301F-11D3-BF4B-00C04F79EFBC}") = "OddLines", "Resources\OddLines\OddLines.csproj", "{8288505B-972F-4985-8C55-ABFBC96D1A24}"
EndProject
Global
	GlobalSection(SolutionConfigurationPlatforms) = preSolution
		Debug|Any CPU = Debug|Any CPU
		Release|Any CPU = Release|Any CPU
	EndGlobalSection
	GlobalSection(ProjectConfigurationPlatforms) = postSolution
		{8288505B-972F-4985-8C55-ABFBC96D1A24}.Debug|Any CPU.ActiveCfg = Debug|Any CPU
		{8288505B-972F-4985-8C55-ABFBC96D1A24}.Debug|Any CPU.Build.0 = Debug|Any CPU
		{8288505B-972F-4985-8C55-ABFBC96D1A24}.Release|Any CPU.ActiveCfg = Release|Any CPU
		{8288505B-972F-4985-8C55-ABFBC96D1A24}.Release|Any CPU.Build.0 = Release|Any CPU
	EndGlobalSection
	GlobalSection(SolutionProperties) = preSolution
		HideSolutionNode = FALSE
	EndGlobalSection
	GlobalSection(ExtensibilityGlobals) = postSolution
		SolutionGuid = {886D15BC-149E-4C85-9580-6BF05D1C97EC}
	EndGlobalSection
EndGlobal
